{
  "object": {
    "pins": [
      {
        "package": "WebKitUserAgent",
        "repositoryURL": "https://github.com/dmytriigolovanov/webkit-user-agent",
        "state": {
          "branch": null,
          "revision": "53f82ef98c1f29f25da06c76c1ab339788f7c54f",
          "version": "2.0.1"
        }
      }
    ]
  },
  "version": 1
}
