// !$*UTF8*$!
{
	archiveVersion = 1;
	classes = {
	};
	objectVersion = 55;
	objects = {

/* Begin PBXBuildFile section */
		520D630B291DB4D5008418BD /* WebKitUserAgent in Frameworks */ = {isa = PBXBuildFile; productRef = 520D630A291DB4D5008418BD /* WebKitUserAgent */; };
		520D6312291DBFF0008418BD /* UIKit.framework in Frameworks */ = {isa = PBXBuildFile; fileRef = 520D6311291DBFF0008418BD /* UIKit.framework */; };
		520D6314291DBFF6008418BD /* UserNotifications.framework in Frameworks */ = {isa = PBXBuildFile; fileRef = 520D6313291DBFF6008418BD /* UserNotifications.framework */; };
		5216F0E429183FD1001ABAA7 /* Recommend.h in Headers */ = {isa = PBXBuildFile; fileRef = 5216F0E229183FD1001ABAA7 /* Recommend.h */; };
		5216F0E62918405C001ABAA7 /* Recommend.swift in Sources */ = {isa = PBXBuildFile; fileRef = 5216F0E52918405C001ABAA7 /* Recommend.swift */; };
		526D8B84291944A90083BD5A /* RECCore.swift in Sources */ = {isa = PBXBuildFile; fileRef = 526D8B83291944A90083BD5A /* RECCore.swift */; };
		526D8B86291944FA0083BD5A /* RECConfiguration.swift in Sources */ = {isa = PBXBuildFile; fileRef = 526D8B85291944FA0083BD5A /* RECConfiguration.swift */; };
		526D8B8B291947210083BD5A /* RECError.swift in Sources */ = {isa = PBXBuildFile; fileRef = 526D8B8A291947210083BD5A /* RECError.swift */; };
		526D8B8D291947990083BD5A /* RECCoreError.swift in Sources */ = {isa = PBXBuildFile; fileRef = 526D8B8C291947990083BD5A /* RECCoreError.swift */; };
		526FBCAF29216CAF002A7654 /* RECInvalidAccountIdError.swift in Sources */ = {isa = PBXBuildFile; fileRef = 526FBCAE29216CAF002A7654 /* RECInvalidAccountIdError.swift */; };
		526FBCB129216D3C002A7654 /* RECCoreErrorCodes.swift in Sources */ = {isa = PBXBuildFile; fileRef = 526FBCB029216D3C002A7654 /* RECCoreErrorCodes.swift */; };
		526FBCB92921B527002A7654 /* RECInvalidInfoPlistError.swift in Sources */ = {isa = PBXBuildFile; fileRef = 526FBCB82921B527002A7654 /* RECInvalidInfoPlistError.swift */; };
		526FBCBB2921B7C9002A7654 /* RECInvalidUserDefaultsError.swift in Sources */ = {isa = PBXBuildFile; fileRef = 526FBCBA2921B7C9002A7654 /* RECInvalidUserDefaultsError.swift */; };
		526FBCC32921B896002A7654 /* RECPriceList.swift in Sources */ = {isa = PBXBuildFile; fileRef = 526FBCBF2921B896002A7654 /* RECPriceList.swift */; };
		526FBCC42921B896002A7654 /* RECMetric.swift in Sources */ = {isa = PBXBuildFile; fileRef = 526FBCC02921B896002A7654 /* RECMetric.swift */; };
		526FBCC52921B896002A7654 /* RECMetrics.swift in Sources */ = {isa = PBXBuildFile; fileRef = 526FBCC12921B896002A7654 /* RECMetrics.swift */; };
		526FBCC62921B896002A7654 /* RECCustomerInfo.swift in Sources */ = {isa = PBXBuildFile; fileRef = 526FBCC22921B896002A7654 /* RECCustomerInfo.swift */; };
		526FBCCD2921CA39002A7654 /* RECInvalidDeviceIdError.swift in Sources */ = {isa = PBXBuildFile; fileRef = 526FBCCC2921CA39002A7654 /* RECInvalidDeviceIdError.swift */; };
		526FBCE82921CBDF002A7654 /* RECAPIDataResponse.swift in Sources */ = {isa = PBXBuildFile; fileRef = 526FBCD02921CBDF002A7654 /* RECAPIDataResponse.swift */; };
		526FBCE92921CBDF002A7654 /* RECAPIErrorResponseCode.swift in Sources */ = {isa = PBXBuildFile; fileRef = 526FBCD12921CBDF002A7654 /* RECAPIErrorResponseCode.swift */; };
		526FBCEA2921CBDF002A7654 /* RECAPIBaseResponse.swift in Sources */ = {isa = PBXBuildFile; fileRef = 526FBCD22921CBDF002A7654 /* RECAPIBaseResponse.swift */; };
		526FBCEB2921CBDF002A7654 /* RECAPIErrorResponse.swift in Sources */ = {isa = PBXBuildFile; fileRef = 526FBCD32921CBDF002A7654 /* RECAPIErrorResponse.swift */; };
		526FBCEC2921CBDF002A7654 /* RECAPIConfiguration.swift in Sources */ = {isa = PBXBuildFile; fileRef = 526FBCD42921CBDF002A7654 /* RECAPIConfiguration.swift */; };
		526FBCED2921CBDF002A7654 /* RECAPIClient.swift in Sources */ = {isa = PBXBuildFile; fileRef = 526FBCD52921CBDF002A7654 /* RECAPIClient.swift */; };
		526FBCEE2921CBDF002A7654 /* RECAPIQueueItem.swift in Sources */ = {isa = PBXBuildFile; fileRef = 526FBCD72921CBDF002A7654 /* RECAPIQueueItem.swift */; };
		526FBCEF2921CBDF002A7654 /* RECAPIQueue.swift in Sources */ = {isa = PBXBuildFile; fileRef = 526FBCD82921CBDF002A7654 /* RECAPIQueue.swift */; };
		526FBCF02921CBDF002A7654 /* RECAPIRequest.swift in Sources */ = {isa = PBXBuildFile; fileRef = 526FBCDA2921CBDF002A7654 /* RECAPIRequest.swift */; };
		526FBCF12921CBDF002A7654 /* RECAPIEndpoint.swift in Sources */ = {isa = PBXBuildFile; fileRef = 526FBCDB2921CBDF002A7654 /* RECAPIEndpoint.swift */; };
		526FBCF22921CBDF002A7654 /* RECAPIErrorResponseError.swift in Sources */ = {isa = PBXBuildFile; fileRef = 526FBCDD2921CBDF002A7654 /* RECAPIErrorResponseError.swift */; };
		526FBCF32921CBDF002A7654 /* RECAPINilUserAgentError.swift in Sources */ = {isa = PBXBuildFile; fileRef = 526FBCDE2921CBDF002A7654 /* RECAPINilUserAgentError.swift */; };
		526FBCF42921CBDF002A7654 /* RECAPIUnexpectedResponseError.swift in Sources */ = {isa = PBXBuildFile; fileRef = 526FBCDF2921CBDF002A7654 /* RECAPIUnexpectedResponseError.swift */; };
		526FBCF52921CBDF002A7654 /* RECAPIInvalidEndpointURLError.swift in Sources */ = {isa = PBXBuildFile; fileRef = 526FBCE02921CBDF002A7654 /* RECAPIInvalidEndpointURLError.swift */; };
		526FBCF62921CBDF002A7654 /* RECAPIInvalidResponseError.swift in Sources */ = {isa = PBXBuildFile; fileRef = 526FBCE12921CBDF002A7654 /* RECAPIInvalidResponseError.swift */; };
		526FBCF72921CBDF002A7654 /* RECAPIRequestAttemptsLimitExceededError.swift in Sources */ = {isa = PBXBuildFile; fileRef = 526FBCE22921CBDF002A7654 /* RECAPIRequestAttemptsLimitExceededError.swift */; };
		526FBCF82921CBDF002A7654 /* RECAPIError.swift in Sources */ = {isa = PBXBuildFile; fileRef = 526FBCE32921CBDF002A7654 /* RECAPIError.swift */; };
		526FBCF92921CBDF002A7654 /* RECAPIErrorCodes.swift in Sources */ = {isa = PBXBuildFile; fileRef = 526FBCE42921CBDF002A7654 /* RECAPIErrorCodes.swift */; };
		526FBCFA2921CBDF002A7654 /* RECAPIURLBuilder.swift in Sources */ = {isa = PBXBuildFile; fileRef = 526FBCE62921CBDF002A7654 /* RECAPIURLBuilder.swift */; };
		526FBCFB2921CBDF002A7654 /* RECHTTPMethod.swift in Sources */ = {isa = PBXBuildFile; fileRef = 526FBCE72921CBDF002A7654 /* RECHTTPMethod.swift */; };
		526FBCFD2921CD5D002A7654 /* RECAPIInvalidHostError.swift in Sources */ = {isa = PBXBuildFile; fileRef = 526FBCFC2921CD5D002A7654 /* RECAPIInvalidHostError.swift */; };
		526FBD032921CE24002A7654 /* RECAttribute.swift in Sources */ = {isa = PBXBuildFile; fileRef = 526FBCFF2921CE24002A7654 /* RECAttribute.swift */; };
		526FBD042921CE24002A7654 /* RECAttributeError.swift in Sources */ = {isa = PBXBuildFile; fileRef = 526FBD012921CE24002A7654 /* RECAttributeError.swift */; };
		526FBD052921CE24002A7654 /* RECAttributeUnexpectedValue.swift in Sources */ = {isa = PBXBuildFile; fileRef = 526FBD022921CE24002A7654 /* RECAttributeUnexpectedValue.swift */; };
		526FBD072921CE3D002A7654 /* RECAttributeErrorCodes.swift in Sources */ = {isa = PBXBuildFile; fileRef = 526FBD062921CE3D002A7654 /* RECAttributeErrorCodes.swift */; };
		526FBDEE2921D01C002A7654 /* RECDeviceActivity.swift in Sources */ = {isa = PBXBuildFile; fileRef = 526FBD9A2921D01B002A7654 /* RECDeviceActivity.swift */; };
		526FBDEF2921D01C002A7654 /* RECDeviceActivitySearchTerm.swift in Sources */ = {isa = PBXBuildFile; fileRef = 526FBD9C2921D01B002A7654 /* RECDeviceActivitySearchTerm.swift */; };
		526FBDF02921D01C002A7654 /* RECDeviceActivityProduct.swift in Sources */ = {isa = PBXBuildFile; fileRef = 526FBD9D2921D01B002A7654 /* RECDeviceActivityProduct.swift */; };
		526FBDF12921D01C002A7654 /* RECDeviceCustomerRegistrationActivity.swift in Sources */ = {isa = PBXBuildFile; fileRef = 526FBDA02921D01B002A7654 /* RECDeviceCustomerRegistrationActivity.swift */; };
		526FBDF22921D01C002A7654 /* RECDeviceCustomerRegistrationActivityData.swift in Sources */ = {isa = PBXBuildFile; fileRef = 526FBDA12921D01B002A7654 /* RECDeviceCustomerRegistrationActivityData.swift */; };
		526FBDF32921D01C002A7654 /* RECDeviceSaleActivityData.swift in Sources */ = {isa = PBXBuildFile; fileRef = 526FBDA32921D01B002A7654 /* RECDeviceSaleActivityData.swift */; };
		526FBDF42921D01C002A7654 /* RECDeviceSaleActivity.swift in Sources */ = {isa = PBXBuildFile; fileRef = 526FBDA42921D01B002A7654 /* RECDeviceSaleActivity.swift */; };
		526FBDF52921D01C002A7654 /* RECDevicePageViewActivityData.swift in Sources */ = {isa = PBXBuildFile; fileRef = 526FBDA62921D01B002A7654 /* RECDevicePageViewActivityData.swift */; };
		526FBDF62921D01C002A7654 /* RECDevicePageViewActivity.swift in Sources */ = {isa = PBXBuildFile; fileRef = 526FBDA72921D01B002A7654 /* RECDevicePageViewActivity.swift */; };
		526FBDF72921D01C002A7654 /* RECDeviceRemoveFromCartActivity.swift in Sources */ = {isa = PBXBuildFile; fileRef = 526FBDA92921D01B002A7654 /* RECDeviceRemoveFromCartActivity.swift */; };
		526FBDF82921D01C002A7654 /* RECDeviceRemoveFromCartActivityData.swift in Sources */ = {isa = PBXBuildFile; fileRef = 526FBDAA2921D01B002A7654 /* RECDeviceRemoveFromCartActivityData.swift */; };
		526FBDF92921D01C002A7654 /* RECDeviceAddToCartActivityData.swift in Sources */ = {isa = PBXBuildFile; fileRef = 526FBDAC2921D01B002A7654 /* RECDeviceAddToCartActivityData.swift */; };
		526FBDFA2921D01C002A7654 /* RECDeviceAddToCartActivity.swift in Sources */ = {isa = PBXBuildFile; fileRef = 526FBDAD2921D01B002A7654 /* RECDeviceAddToCartActivity.swift */; };
		526FBDFB2921D01C002A7654 /* RECDeviceAddToWishlistActivity.swift in Sources */ = {isa = PBXBuildFile; fileRef = 526FBDAF2921D01B002A7654 /* RECDeviceAddToWishlistActivity.swift */; };
		526FBDFC2921D01C002A7654 /* RECDeviceAddToWishlistActivityData.swift in Sources */ = {isa = PBXBuildFile; fileRef = 526FBDB02921D01B002A7654 /* RECDeviceAddToWishlistActivityData.swift */; };
		526FBDFD2921D01C002A7654 /* RECDeviceRemoveFromWishlistActivityData.swift in Sources */ = {isa = PBXBuildFile; fileRef = 526FBDB22921D01B002A7654 /* RECDeviceRemoveFromWishlistActivityData.swift */; };
		526FBDFE2921D01C002A7654 /* RECDeviceRemoveFromWishlistActivity.swift in Sources */ = {isa = PBXBuildFile; fileRef = 526FBDB32921D01B002A7654 /* RECDeviceRemoveFromWishlistActivity.swift */; };
		526FBDFF2921D01C002A7654 /* RECDeviceProductClickActivityData.swift in Sources */ = {isa = PBXBuildFile; fileRef = 526FBDB52921D01B002A7654 /* RECDeviceProductClickActivityData.swift */; };
		526FBE002921D01C002A7654 /* RECDeviceProductClickActivity.swift in Sources */ = {isa = PBXBuildFile; fileRef = 526FBDB62921D01B002A7654 /* RECDeviceProductClickActivity.swift */; };
		526FBE012921D01C002A7654 /* RECDeviceProductClickActivitySource.swift in Sources */ = {isa = PBXBuildFile; fileRef = 526FBDB72921D01B002A7654 /* RECDeviceProductClickActivitySource.swift */; };
		526FBE022921D01C002A7654 /* RECDevicePanelViewActivity.swift in Sources */ = {isa = PBXBuildFile; fileRef = 526FBDB92921D01B002A7654 /* RECDevicePanelViewActivity.swift */; };
		526FBE032921D01C002A7654 /* RECDevicePanelViewActivityData.swift in Sources */ = {isa = PBXBuildFile; fileRef = 526FBDBA2921D01B002A7654 /* RECDevicePanelViewActivityData.swift */; };
		526FBE042921D01C002A7654 /* RECDeviceLogoutActivity.swift in Sources */ = {isa = PBXBuildFile; fileRef = 526FBDBC2921D01B002A7654 /* RECDeviceLogoutActivity.swift */; };
		526FBE052921D01C002A7654 /* RECDeviceCheckoutActivityData.swift in Sources */ = {isa = PBXBuildFile; fileRef = 526FBDBE2921D01B002A7654 /* RECDeviceCheckoutActivityData.swift */; };
		526FBE062921D01C002A7654 /* RECDeviceCheckoutActivity.swift in Sources */ = {isa = PBXBuildFile; fileRef = 526FBDBF2921D01B002A7654 /* RECDeviceCheckoutActivity.swift */; };
		526FBE072921D01C002A7654 /* RECDeviceSubscribeActivityData.swift in Sources */ = {isa = PBXBuildFile; fileRef = 526FBDC12921D01B002A7654 /* RECDeviceSubscribeActivityData.swift */; };
		526FBE082921D01C002A7654 /* RECDeviceSubscribeActivity.swift in Sources */ = {isa = PBXBuildFile; fileRef = 526FBDC22921D01B002A7654 /* RECDeviceSubscribeActivity.swift */; };
		526FBE092921D01C002A7654 /* RECDeviceListViewActivity.swift in Sources */ = {isa = PBXBuildFile; fileRef = 526FBDC42921D01B002A7654 /* RECDeviceListViewActivity.swift */; };
		526FBE0A2921D01C002A7654 /* RECDeviceListViewActivityData.swift in Sources */ = {isa = PBXBuildFile; fileRef = 526FBDC52921D01B002A7654 /* RECDeviceListViewActivityData.swift */; };
		526FBE0B2921D01C002A7654 /* RECDeviceSearchViewActivity.swift in Sources */ = {isa = PBXBuildFile; fileRef = 526FBDC72921D01B002A7654 /* RECDeviceSearchViewActivity.swift */; };
		526FBE0C2921D01C002A7654 /* RECDeviceSearchViewActivityData.swift in Sources */ = {isa = PBXBuildFile; fileRef = 526FBDC82921D01B002A7654 /* RECDeviceSearchViewActivityData.swift */; };
		526FBE0D2921D01C002A7654 /* RECDeviceCustomEventActivityData.swift in Sources */ = {isa = PBXBuildFile; fileRef = 526FBDCA2921D01B002A7654 /* RECDeviceCustomEventActivityData.swift */; };
		526FBE0E2921D01C002A7654 /* RECDeviceCustomEventActivity.swift in Sources */ = {isa = PBXBuildFile; fileRef = 526FBDCB2921D01B002A7654 /* RECDeviceCustomEventActivity.swift */; };
		526FBE0F2921D01C002A7654 /* RECDeviceProductRatedActivityData.swift in Sources */ = {isa = PBXBuildFile; fileRef = 526FBDCD2921D01B002A7654 /* RECDeviceProductRatedActivityData.swift */; };
		526FBE102921D01C002A7654 /* RECDeviceProductRatedActivity.swift in Sources */ = {isa = PBXBuildFile; fileRef = 526FBDCE2921D01B002A7654 /* RECDeviceProductRatedActivity.swift */; };
		526FBE112921D01C002A7654 /* RECDeviceCartUpdateActivityData.swift in Sources */ = {isa = PBXBuildFile; fileRef = 526FBDD02921D01B002A7654 /* RECDeviceCartUpdateActivityData.swift */; };
		526FBE122921D01C002A7654 /* RECDeviceCartUpdateActivity.swift in Sources */ = {isa = PBXBuildFile; fileRef = 526FBDD12921D01B002A7654 /* RECDeviceCartUpdateActivity.swift */; };
		526FBE132921D01C002A7654 /* RECDeviceElasticListActivityData.swift in Sources */ = {isa = PBXBuildFile; fileRef = 526FBDD32921D01B002A7654 /* RECDeviceElasticListActivityData.swift */; };
		526FBE142921D01C002A7654 /* RECDeviceElasticListActivity.swift in Sources */ = {isa = PBXBuildFile; fileRef = 526FBDD42921D01B002A7654 /* RECDeviceElasticListActivity.swift */; };
		526FBE152921D01C002A7654 /* RECDeviceProductViewActivityData.swift in Sources */ = {isa = PBXBuildFile; fileRef = 526FBDD62921D01B002A7654 /* RECDeviceProductViewActivityData.swift */; };
		526FBE162921D01C002A7654 /* RECDeviceProductViewActivity.swift in Sources */ = {isa = PBXBuildFile; fileRef = 526FBDD72921D01B002A7654 /* RECDeviceProductViewActivity.swift */; };
		526FBE172921D01C002A7654 /* RECDeviceWishlistUpdateActivity.swift in Sources */ = {isa = PBXBuildFile; fileRef = 526FBDD92921D01B002A7654 /* RECDeviceWishlistUpdateActivity.swift */; };
		526FBE182921D01C002A7654 /* RECDeviceWishlistUpdateActivityData.swift in Sources */ = {isa = PBXBuildFile; fileRef = 526FBDDA2921D01B002A7654 /* RECDeviceWishlistUpdateActivityData.swift */; };
		526FBE192921D01C002A7654 /* RECDeviceOpenAppActivity.swift in Sources */ = {isa = PBXBuildFile; fileRef = 526FBDDC2921D01B002A7654 /* RECDeviceOpenAppActivity.swift */; };
		526FBE1A2921D01C002A7654 /* RECDeviceLoginActivity.swift in Sources */ = {isa = PBXBuildFile; fileRef = 526FBDDE2921D01B002A7654 /* RECDeviceLoginActivity.swift */; };
		526FBE1B2921D01C002A7654 /* RECDeviceLinkDeviceActivityData.swift in Sources */ = {isa = PBXBuildFile; fileRef = 526FBDE02921D01B002A7654 /* RECDeviceLinkDeviceActivityData.swift */; };
		526FBE1C2921D01C002A7654 /* RECDeviceLinkDeviceActivity.swift in Sources */ = {isa = PBXBuildFile; fileRef = 526FBDE12921D01B002A7654 /* RECDeviceLinkDeviceActivity.swift */; };
		526FBE1D2921D01C002A7654 /* RECDeviceUpdateDeviceActivityData.swift in Sources */ = {isa = PBXBuildFile; fileRef = 526FBDE32921D01B002A7654 /* RECDeviceUpdateDeviceActivityData.swift */; };
		526FBE1E2921D01C002A7654 /* RECDeviceUpdateDeviceActivity.swift in Sources */ = {isa = PBXBuildFile; fileRef = 526FBDE42921D01B002A7654 /* RECDeviceUpdateDeviceActivity.swift */; };
		526FBE1F2921D01C002A7654 /* RECDeviceActivityWithData.swift in Sources */ = {isa = PBXBuildFile; fileRef = 526FBDE52921D01B002A7654 /* RECDeviceActivityWithData.swift */; };
		526FBE202921D01C002A7654 /* RECDeviceActivityTrackingRequest.swift in Sources */ = {isa = PBXBuildFile; fileRef = 526FBDE62921D01B002A7654 /* RECDeviceActivityTrackingRequest.swift */; };
		526FBE212921D01C002A7654 /* RECDeviceActivityData.swift in Sources */ = {isa = PBXBuildFile; fileRef = 526FBDE72921D01B002A7654 /* RECDeviceActivityData.swift */; };
		526FBE222921D01C002A7654 /* RECDeviceLocation.swift in Sources */ = {isa = PBXBuildFile; fileRef = 526FBDE92921D01B002A7654 /* RECDeviceLocation.swift */; };
		526FBE232921D01C002A7654 /* RECDeviceTime.swift in Sources */ = {isa = PBXBuildFile; fileRef = 526FBDEA2921D01B002A7654 /* RECDeviceTime.swift */; };
		526FBE242921D01C002A7654 /* RECDeviceTimeZone.swift in Sources */ = {isa = PBXBuildFile; fileRef = 526FBDEB2921D01B002A7654 /* RECDeviceTimeZone.swift */; };
		526FBE252921D01C002A7654 /* RECDeviceAPIService.swift in Sources */ = {isa = PBXBuildFile; fileRef = 526FBDEC2921D01B002A7654 /* RECDeviceAPIService.swift */; };
		526FBE262921D01C002A7654 /* RECDevice.swift in Sources */ = {isa = PBXBuildFile; fileRef = 526FBDED2921D01B002A7654 /* RECDevice.swift */; };
		526FBE3E2921D470002A7654 /* RECMessagingConfiguration.swift in Sources */ = {isa = PBXBuildFile; fileRef = 526FBE282921D470002A7654 /* RECMessagingConfiguration.swift */; };
		526FBE3F2921D470002A7654 /* RECMessaging.swift in Sources */ = {isa = PBXBuildFile; fileRef = 526FBE292921D470002A7654 /* RECMessaging.swift */; };
		526FBE402921D470002A7654 /* RECMessagingPushSubscriptionTrackRequest.swift in Sources */ = {isa = PBXBuildFile; fileRef = 526FBE2C2921D470002A7654 /* RECMessagingPushSubscriptionTrackRequest.swift */; };
		526FBE412921D470002A7654 /* RECMessagingPushSubscriptionManager.swift in Sources */ = {isa = PBXBuildFile; fileRef = 526FBE2D2921D470002A7654 /* RECMessagingPushSubscriptionManager.swift */; };
		526FBE422921D470002A7654 /* RECMessagingPushSubscriptionUpdateResult.swift in Sources */ = {isa = PBXBuildFile; fileRef = 526FBE2E2921D470002A7654 /* RECMessagingPushSubscriptionUpdateResult.swift */; };
		526FBE432921D470002A7654 /* RECMessagingPushSubscription.swift in Sources */ = {isa = PBXBuildFile; fileRef = 526FBE2F2921D470002A7654 /* RECMessagingPushSubscription.swift */; };
		526FBE442921D470002A7654 /* RECMessagingPushSubscriptionStatus.swift in Sources */ = {isa = PBXBuildFile; fileRef = 526FBE302921D470002A7654 /* RECMessagingPushSubscriptionStatus.swift */; };
		526FBE452921D470002A7654 /* RECMessagingPushToken.swift in Sources */ = {isa = PBXBuildFile; fileRef = 526FBE312921D470002A7654 /* RECMessagingPushToken.swift */; };
		526FBE462921D470002A7654 /* RECMessagingPushEvent.swift in Sources */ = {isa = PBXBuildFile; fileRef = 526FBE332921D470002A7654 /* RECMessagingPushEvent.swift */; };
		526FBE472921D470002A7654 /* RECMessagingPushEventData.swift in Sources */ = {isa = PBXBuildFile; fileRef = 526FBE342921D470002A7654 /* RECMessagingPushEventData.swift */; };
		526FBE482921D470002A7654 /* RECMessagingFailedPushEventsStorage.swift in Sources */ = {isa = PBXBuildFile; fileRef = 526FBE352921D470002A7654 /* RECMessagingFailedPushEventsStorage.swift */; };
		526FBE492921D470002A7654 /* RECMessagingPushUserInfo.swift in Sources */ = {isa = PBXBuildFile; fileRef = 526FBE362921D470002A7654 /* RECMessagingPushUserInfo.swift */; };
		526FBE4A2921D470002A7654 /* RECMessagingPushUserInfoData.swift in Sources */ = {isa = PBXBuildFile; fileRef = 526FBE372921D470002A7654 /* RECMessagingPushUserInfoData.swift */; };
		526FBE4B2921D470002A7654 /* RECMessagingPushManager.swift in Sources */ = {isa = PBXBuildFile; fileRef = 526FBE382921D470002A7654 /* RECMessagingPushManager.swift */; };
		526FBE4C2921D470002A7654 /* RECMessagingError.swift in Sources */ = {isa = PBXBuildFile; fileRef = 526FBE3A2921D470002A7654 /* RECMessagingError.swift */; };
		526FBE4D2921D470002A7654 /* RECMessagingErrorCodes.swift in Sources */ = {isa = PBXBuildFile; fileRef = 526FBE3B2921D470002A7654 /* RECMessagingErrorCodes.swift */; };
		526FBE4E2921D470002A7654 /* RECMessagingNilApplicationNameError.swift in Sources */ = {isa = PBXBuildFile; fileRef = 526FBE3C2921D470002A7654 /* RECMessagingNilApplicationNameError.swift */; };
		526FBE4F2921D470002A7654 /* RECMessagingAPIService.swift in Sources */ = {isa = PBXBuildFile; fileRef = 526FBE3D2921D470002A7654 /* RECMessagingAPIService.swift */; };
		526FBE6B2921D782002A7654 /* RECRecommendationPanel.swift in Sources */ = {isa = PBXBuildFile; fileRef = 526FBE532921D782002A7654 /* RECRecommendationPanel.swift */; };
		526FBE6C2921D782002A7654 /* RECRecommendationPanelData.swift in Sources */ = {isa = PBXBuildFile; fileRef = 526FBE542921D782002A7654 /* RECRecommendationPanelData.swift */; };
		526FBE6D2921D782002A7654 /* RECRecommendationPanelProduct.swift in Sources */ = {isa = PBXBuildFile; fileRef = 526FBE552921D782002A7654 /* RECRecommendationPanelProduct.swift */; };
		526FBE6E2921D782002A7654 /* RECRecommendationPanelRequestFilter.swift in Sources */ = {isa = PBXBuildFile; fileRef = 526FBE572921D782002A7654 /* RECRecommendationPanelRequestFilter.swift */; };
		526FBE6F2921D782002A7654 /* RECRecommendationPanelRequestVariations.swift in Sources */ = {isa = PBXBuildFile; fileRef = 526FBE582921D782002A7654 /* RECRecommendationPanelRequestVariations.swift */; };
		526FBE702921D782002A7654 /* RECRecommendationPanelsFetchRequestContentType.swift in Sources */ = {isa = PBXBuildFile; fileRef = 526FBE592921D782002A7654 /* RECRecommendationPanelsFetchRequestContentType.swift */; };
		526FBE712921D782002A7654 /* RECRecommendationPanelRequestContext.swift in Sources */ = {isa = PBXBuildFile; fileRef = 526FBE5A2921D782002A7654 /* RECRecommendationPanelRequestContext.swift */; };
		526FBE722921D782002A7654 /* RECRecommendationPreviewPanelRequest.swift in Sources */ = {isa = PBXBuildFile; fileRef = 526FBE5B2921D782002A7654 /* RECRecommendationPreviewPanelRequest.swift */; };
		526FBE732921D782002A7654 /* RECRecommendationPanelRequestFilterType.swift in Sources */ = {isa = PBXBuildFile; fileRef = 526FBE5C2921D782002A7654 /* RECRecommendationPanelRequestFilterType.swift */; };
		526FBE742921D782002A7654 /* RECRecommendationPanelsFetchRequest.swift in Sources */ = {isa = PBXBuildFile; fileRef = 526FBE5D2921D782002A7654 /* RECRecommendationPanelsFetchRequest.swift */; };
		526FBE752921D782002A7654 /* RECRecommendationPanelRequestCurrentContext.swift in Sources */ = {isa = PBXBuildFile; fileRef = 526FBE5E2921D782002A7654 /* RECRecommendationPanelRequestCurrentContext.swift */; };
		526FBE762921D782002A7654 /* RECRecommendationPanelRequestFilterOperator.swift in Sources */ = {isa = PBXBuildFile; fileRef = 526FBE5F2921D782002A7654 /* RECRecommendationPanelRequestFilterOperator.swift */; };
		526FBE772921D782002A7654 /* RECRecommendationPanelRequest.swift in Sources */ = {isa = PBXBuildFile; fileRef = 526FBE602921D782002A7654 /* RECRecommendationPanelRequest.swift */; };
		526FBE782921D782002A7654 /* RECRecommendationAPIService.swift in Sources */ = {isa = PBXBuildFile; fileRef = 526FBE622921D782002A7654 /* RECRecommendationAPIService.swift */; };
		526FBE792921D782002A7654 /* RECRecommendation.swift in Sources */ = {isa = PBXBuildFile; fileRef = 526FBE632921D782002A7654 /* RECRecommendation.swift */; };
		526FBE7A2921D782002A7654 /* RECRecommendationNilStoreError.swift in Sources */ = {isa = PBXBuildFile; fileRef = 526FBE652921D782002A7654 /* RECRecommendationNilStoreError.swift */; };
		526FBE7B2921D782002A7654 /* RECProductRecommendationsNilCurrencyCodeError.swift in Sources */ = {isa = PBXBuildFile; fileRef = 526FBE662921D782002A7654 /* RECProductRecommendationsNilCurrencyCodeError.swift */; };
		526FBE7C2921D782002A7654 /* RECRecommendationNilCurrencyError.swift in Sources */ = {isa = PBXBuildFile; fileRef = 526FBE672921D782002A7654 /* RECRecommendationNilCurrencyError.swift */; };
		526FBE7D2921D782002A7654 /* RECRecommendationError.swift in Sources */ = {isa = PBXBuildFile; fileRef = 526FBE682921D782002A7654 /* RECRecommendationError.swift */; };
		526FBE7E2921D782002A7654 /* RECRecommendationErrorCodes.swift in Sources */ = {isa = PBXBuildFile; fileRef = 526FBE692921D782002A7654 /* RECRecommendationErrorCodes.swift */; };
		526FBE7F2921D782002A7654 /* RECRecommendationNilPriceListError.swift in Sources */ = {isa = PBXBuildFile; fileRef = 526FBE6A2921D782002A7654 /* RECRecommendationNilPriceListError.swift */; };
		B49C272D291A945D00F69653 /* Date+Recommend.swift in Sources */ = {isa = PBXBuildFile; fileRef = B49C272C291A945D00F69653 /* Date+Recommend.swift */; };
/* End PBXBuildFile section */

/* Begin PBXFileReference section */
		520D6311291DBFF0008418BD /* UIKit.framework */ = {isa = PBXFileReference; lastKnownFileType = wrapper.framework; name = UIKit.framework; path = System/Library/Frameworks/UIKit.framework; sourceTree = SDKROOT; };
		520D6313291DBFF6008418BD /* UserNotifications.framework */ = {isa = PBXFileReference; lastKnownFileType = wrapper.framework; name = UserNotifications.framework; path = System/Library/Frameworks/UserNotifications.framework; sourceTree = SDKROOT; };
		5216F0E229183FD1001ABAA7 /* Recommend.h */ = {isa = PBXFileReference; fileEncoding = 4; lastKnownFileType = sourcecode.c.h; path = Recommend.h; sourceTree = "<group>"; };
		5216F0E52918405C001ABAA7 /* Recommend.swift */ = {isa = PBXFileReference; lastKnownFileType = sourcecode.swift; path = Recommend.swift; sourceTree = "<group>"; };
		526D8B83291944A90083BD5A /* RECCore.swift */ = {isa = PBXFileReference; lastKnownFileType = sourcecode.swift; path = RECCore.swift; sourceTree = "<group>"; };
		526D8B85291944FA0083BD5A /* RECConfiguration.swift */ = {isa = PBXFileReference; lastKnownFileType = sourcecode.swift; path = RECConfiguration.swift; sourceTree = "<group>"; };
		526D8B8A291947210083BD5A /* RECError.swift */ = {isa = PBXFileReference; lastKnownFileType = sourcecode.swift; path = RECError.swift; sourceTree = "<group>"; };
		526D8B8C291947990083BD5A /* RECCoreError.swift */ = {isa = PBXFileReference; lastKnownFileType = sourcecode.swift; path = RECCoreError.swift; sourceTree = "<group>"; };
		526FBCAE29216CAF002A7654 /* RECInvalidAccountIdError.swift */ = {isa = PBXFileReference; lastKnownFileType = sourcecode.swift; path = RECInvalidAccountIdError.swift; sourceTree = "<group>"; };
		526FBCB029216D3C002A7654 /* RECCoreErrorCodes.swift */ = {isa = PBXFileReference; lastKnownFileType = sourcecode.swift; path = RECCoreErrorCodes.swift; sourceTree = "<group>"; };
		526FBCB82921B527002A7654 /* RECInvalidInfoPlistError.swift */ = {isa = PBXFileReference; lastKnownFileType = sourcecode.swift; path = RECInvalidInfoPlistError.swift; sourceTree = "<group>"; };
		526FBCBA2921B7C9002A7654 /* RECInvalidUserDefaultsError.swift */ = {isa = PBXFileReference; fileEncoding = 4; lastKnownFileType = sourcecode.swift; path = RECInvalidUserDefaultsError.swift; sourceTree = "<group>"; };
		526FBCBF2921B896002A7654 /* RECPriceList.swift */ = {isa = PBXFileReference; fileEncoding = 4; lastKnownFileType = sourcecode.swift; path = RECPriceList.swift; sourceTree = "<group>"; };
		526FBCC02921B896002A7654 /* RECMetric.swift */ = {isa = PBXFileReference; fileEncoding = 4; lastKnownFileType = sourcecode.swift; path = RECMetric.swift; sourceTree = "<group>"; };
		526FBCC12921B896002A7654 /* RECMetrics.swift */ = {isa = PBXFileReference; fileEncoding = 4; lastKnownFileType = sourcecode.swift; path = RECMetrics.swift; sourceTree = "<group>"; };
		526FBCC22921B896002A7654 /* RECCustomerInfo.swift */ = {isa = PBXFileReference; fileEncoding = 4; lastKnownFileType = sourcecode.swift; path = RECCustomerInfo.swift; sourceTree = "<group>"; };
		526FBCCC2921CA39002A7654 /* RECInvalidDeviceIdError.swift */ = {isa = PBXFileReference; fileEncoding = 4; lastKnownFileType = sourcecode.swift; path = RECInvalidDeviceIdError.swift; sourceTree = "<group>"; };
		526FBCD02921CBDF002A7654 /* RECAPIDataResponse.swift */ = {isa = PBXFileReference; fileEncoding = 4; lastKnownFileType = sourcecode.swift; path = RECAPIDataResponse.swift; sourceTree = "<group>"; };
		526FBCD12921CBDF002A7654 /* RECAPIErrorResponseCode.swift */ = {isa = PBXFileReference; fileEncoding = 4; lastKnownFileType = sourcecode.swift; path = RECAPIErrorResponseCode.swift; sourceTree = "<group>"; };
		526FBCD22921CBDF002A7654 /* RECAPIBaseResponse.swift */ = {isa = PBXFileReference; fileEncoding = 4; lastKnownFileType = sourcecode.swift; path = RECAPIBaseResponse.swift; sourceTree = "<group>"; };
		526FBCD32921CBDF002A7654 /* RECAPIErrorResponse.swift */ = {isa = PBXFileReference; fileEncoding = 4; lastKnownFileType = sourcecode.swift; path = RECAPIErrorResponse.swift; sourceTree = "<group>"; };
		526FBCD42921CBDF002A7654 /* RECAPIConfiguration.swift */ = {isa = PBXFileReference; fileEncoding = 4; lastKnownFileType = sourcecode.swift; path = RECAPIConfiguration.swift; sourceTree = "<group>"; };
		526FBCD52921CBDF002A7654 /* RECAPIClient.swift */ = {isa = PBXFileReference; fileEncoding = 4; lastKnownFileType = sourcecode.swift; path = RECAPIClient.swift; sourceTree = "<group>"; };
		526FBCD72921CBDF002A7654 /* RECAPIQueueItem.swift */ = {isa = PBXFileReference; fileEncoding = 4; lastKnownFileType = sourcecode.swift; path = RECAPIQueueItem.swift; sourceTree = "<group>"; };
		526FBCD82921CBDF002A7654 /* RECAPIQueue.swift */ = {isa = PBXFileReference; fileEncoding = 4; lastKnownFileType = sourcecode.swift; path = RECAPIQueue.swift; sourceTree = "<group>"; };
		526FBCDA2921CBDF002A7654 /* RECAPIRequest.swift */ = {isa = PBXFileReference; fileEncoding = 4; lastKnownFileType = sourcecode.swift; path = RECAPIRequest.swift; sourceTree = "<group>"; };
		526FBCDB2921CBDF002A7654 /* RECAPIEndpoint.swift */ = {isa = PBXFileReference; fileEncoding = 4; lastKnownFileType = sourcecode.swift; path = RECAPIEndpoint.swift; sourceTree = "<group>"; };
		526FBCDD2921CBDF002A7654 /* RECAPIErrorResponseError.swift */ = {isa = PBXFileReference; fileEncoding = 4; lastKnownFileType = sourcecode.swift; path = RECAPIErrorResponseError.swift; sourceTree = "<group>"; };
		526FBCDE2921CBDF002A7654 /* RECAPINilUserAgentError.swift */ = {isa = PBXFileReference; fileEncoding = 4; lastKnownFileType = sourcecode.swift; path = RECAPINilUserAgentError.swift; sourceTree = "<group>"; };
		526FBCDF2921CBDF002A7654 /* RECAPIUnexpectedResponseError.swift */ = {isa = PBXFileReference; fileEncoding = 4; lastKnownFileType = sourcecode.swift; path = RECAPIUnexpectedResponseError.swift; sourceTree = "<group>"; };
		526FBCE02921CBDF002A7654 /* RECAPIInvalidEndpointURLError.swift */ = {isa = PBXFileReference; fileEncoding = 4; lastKnownFileType = sourcecode.swift; path = RECAPIInvalidEndpointURLError.swift; sourceTree = "<group>"; };
		526FBCE12921CBDF002A7654 /* RECAPIInvalidResponseError.swift */ = {isa = PBXFileReference; fileEncoding = 4; lastKnownFileType = sourcecode.swift; path = RECAPIInvalidResponseError.swift; sourceTree = "<group>"; };
		526FBCE22921CBDF002A7654 /* RECAPIRequestAttemptsLimitExceededError.swift */ = {isa = PBXFileReference; fileEncoding = 4; lastKnownFileType = sourcecode.swift; path = RECAPIRequestAttemptsLimitExceededError.swift; sourceTree = "<group>"; };
		526FBCE32921CBDF002A7654 /* RECAPIError.swift */ = {isa = PBXFileReference; fileEncoding = 4; lastKnownFileType = sourcecode.swift; path = RECAPIError.swift; sourceTree = "<group>"; };
		526FBCE42921CBDF002A7654 /* RECAPIErrorCodes.swift */ = {isa = PBXFileReference; fileEncoding = 4; lastKnownFileType = sourcecode.swift; path = RECAPIErrorCodes.swift; sourceTree = "<group>"; };
		526FBCE62921CBDF002A7654 /* RECAPIURLBuilder.swift */ = {isa = PBXFileReference; fileEncoding = 4; lastKnownFileType = sourcecode.swift; path = RECAPIURLBuilder.swift; sourceTree = "<group>"; };
		526FBCE72921CBDF002A7654 /* RECHTTPMethod.swift */ = {isa = PBXFileReference; fileEncoding = 4; lastKnownFileType = sourcecode.swift; path = RECHTTPMethod.swift; sourceTree = "<group>"; };
		526FBCFC2921CD5D002A7654 /* RECAPIInvalidHostError.swift */ = {isa = PBXFileReference; lastKnownFileType = sourcecode.swift; path = RECAPIInvalidHostError.swift; sourceTree = "<group>"; };
		526FBCFF2921CE24002A7654 /* RECAttribute.swift */ = {isa = PBXFileReference; fileEncoding = 4; lastKnownFileType = sourcecode.swift; path = RECAttribute.swift; sourceTree = "<group>"; };
		526FBD012921CE24002A7654 /* RECAttributeError.swift */ = {isa = PBXFileReference; fileEncoding = 4; lastKnownFileType = sourcecode.swift; path = RECAttributeError.swift; sourceTree = "<group>"; };
		526FBD022921CE24002A7654 /* RECAttributeUnexpectedValue.swift */ = {isa = PBXFileReference; fileEncoding = 4; lastKnownFileType = sourcecode.swift; path = RECAttributeUnexpectedValue.swift; sourceTree = "<group>"; };
		526FBD062921CE3D002A7654 /* RECAttributeErrorCodes.swift */ = {isa = PBXFileReference; lastKnownFileType = sourcecode.swift; path = RECAttributeErrorCodes.swift; sourceTree = "<group>"; };
		526FBD9A2921D01B002A7654 /* RECDeviceActivity.swift */ = {isa = PBXFileReference; fileEncoding = 4; lastKnownFileType = sourcecode.swift; path = RECDeviceActivity.swift; sourceTree = "<group>"; };
		526FBD9C2921D01B002A7654 /* RECDeviceActivitySearchTerm.swift */ = {isa = PBXFileReference; fileEncoding = 4; lastKnownFileType = sourcecode.swift; path = RECDeviceActivitySearchTerm.swift; sourceTree = "<group>"; };
		526FBD9D2921D01B002A7654 /* RECDeviceActivityProduct.swift */ = {isa = PBXFileReference; fileEncoding = 4; lastKnownFileType = sourcecode.swift; path = RECDeviceActivityProduct.swift; sourceTree = "<group>"; };
		526FBDA02921D01B002A7654 /* RECDeviceCustomerRegistrationActivity.swift */ = {isa = PBXFileReference; fileEncoding = 4; lastKnownFileType = sourcecode.swift; path = RECDeviceCustomerRegistrationActivity.swift; sourceTree = "<group>"; };
		526FBDA12921D01B002A7654 /* RECDeviceCustomerRegistrationActivityData.swift */ = {isa = PBXFileReference; fileEncoding = 4; lastKnownFileType = sourcecode.swift; path = RECDeviceCustomerRegistrationActivityData.swift; sourceTree = "<group>"; };
		526FBDA32921D01B002A7654 /* RECDeviceSaleActivityData.swift */ = {isa = PBXFileReference; fileEncoding = 4; lastKnownFileType = sourcecode.swift; path = RECDeviceSaleActivityData.swift; sourceTree = "<group>"; };
		526FBDA42921D01B002A7654 /* RECDeviceSaleActivity.swift */ = {isa = PBXFileReference; fileEncoding = 4; lastKnownFileType = sourcecode.swift; path = RECDeviceSaleActivity.swift; sourceTree = "<group>"; };
		526FBDA62921D01B002A7654 /* RECDevicePageViewActivityData.swift */ = {isa = PBXFileReference; fileEncoding = 4; lastKnownFileType = sourcecode.swift; path = RECDevicePageViewActivityData.swift; sourceTree = "<group>"; };
		526FBDA72921D01B002A7654 /* RECDevicePageViewActivity.swift */ = {isa = PBXFileReference; fileEncoding = 4; lastKnownFileType = sourcecode.swift; path = RECDevicePageViewActivity.swift; sourceTree = "<group>"; };
		526FBDA92921D01B002A7654 /* RECDeviceRemoveFromCartActivity.swift */ = {isa = PBXFileReference; fileEncoding = 4; lastKnownFileType = sourcecode.swift; path = RECDeviceRemoveFromCartActivity.swift; sourceTree = "<group>"; };
		526FBDAA2921D01B002A7654 /* RECDeviceRemoveFromCartActivityData.swift */ = {isa = PBXFileReference; fileEncoding = 4; lastKnownFileType = sourcecode.swift; path = RECDeviceRemoveFromCartActivityData.swift; sourceTree = "<group>"; };
		526FBDAC2921D01B002A7654 /* RECDeviceAddToCartActivityData.swift */ = {isa = PBXFileReference; fileEncoding = 4; lastKnownFileType = sourcecode.swift; path = RECDeviceAddToCartActivityData.swift; sourceTree = "<group>"; };
		526FBDAD2921D01B002A7654 /* RECDeviceAddToCartActivity.swift */ = {isa = PBXFileReference; fileEncoding = 4; lastKnownFileType = sourcecode.swift; path = RECDeviceAddToCartActivity.swift; sourceTree = "<group>"; };
		526FBDAF2921D01B002A7654 /* RECDeviceAddToWishlistActivity.swift */ = {isa = PBXFileReference; fileEncoding = 4; lastKnownFileType = sourcecode.swift; path = RECDeviceAddToWishlistActivity.swift; sourceTree = "<group>"; };
		526FBDB02921D01B002A7654 /* RECDeviceAddToWishlistActivityData.swift */ = {isa = PBXFileReference; fileEncoding = 4; lastKnownFileType = sourcecode.swift; path = RECDeviceAddToWishlistActivityData.swift; sourceTree = "<group>"; };
		526FBDB22921D01B002A7654 /* RECDeviceRemoveFromWishlistActivityData.swift */ = {isa = PBXFileReference; fileEncoding = 4; lastKnownFileType = sourcecode.swift; path = RECDeviceRemoveFromWishlistActivityData.swift; sourceTree = "<group>"; };
		526FBDB32921D01B002A7654 /* RECDeviceRemoveFromWishlistActivity.swift */ = {isa = PBXFileReference; fileEncoding = 4; lastKnownFileType = sourcecode.swift; path = RECDeviceRemoveFromWishlistActivity.swift; sourceTree = "<group>"; };
		526FBDB52921D01B002A7654 /* RECDeviceProductClickActivityData.swift */ = {isa = PBXFileReference; fileEncoding = 4; lastKnownFileType = sourcecode.swift; path = RECDeviceProductClickActivityData.swift; sourceTree = "<group>"; };
		526FBDB62921D01B002A7654 /* RECDeviceProductClickActivity.swift */ = {isa = PBXFileReference; fileEncoding = 4; lastKnownFileType = sourcecode.swift; path = RECDeviceProductClickActivity.swift; sourceTree = "<group>"; };
		526FBDB72921D01B002A7654 /* RECDeviceProductClickActivitySource.swift */ = {isa = PBXFileReference; fileEncoding = 4; lastKnownFileType = sourcecode.swift; path = RECDeviceProductClickActivitySource.swift; sourceTree = "<group>"; };
		526FBDB92921D01B002A7654 /* RECDevicePanelViewActivity.swift */ = {isa = PBXFileReference; fileEncoding = 4; lastKnownFileType = sourcecode.swift; path = RECDevicePanelViewActivity.swift; sourceTree = "<group>"; };
		526FBDBA2921D01B002A7654 /* RECDevicePanelViewActivityData.swift */ = {isa = PBXFileReference; fileEncoding = 4; lastKnownFileType = sourcecode.swift; path = RECDevicePanelViewActivityData.swift; sourceTree = "<group>"; };
		526FBDBC2921D01B002A7654 /* RECDeviceLogoutActivity.swift */ = {isa = PBXFileReference; fileEncoding = 4; lastKnownFileType = sourcecode.swift; path = RECDeviceLogoutActivity.swift; sourceTree = "<group>"; };
		526FBDBE2921D01B002A7654 /* RECDeviceCheckoutActivityData.swift */ = {isa = PBXFileReference; fileEncoding = 4; lastKnownFileType = sourcecode.swift; path = RECDeviceCheckoutActivityData.swift; sourceTree = "<group>"; };
		526FBDBF2921D01B002A7654 /* RECDeviceCheckoutActivity.swift */ = {isa = PBXFileReference; fileEncoding = 4; lastKnownFileType = sourcecode.swift; path = RECDeviceCheckoutActivity.swift; sourceTree = "<group>"; };
		526FBDC12921D01B002A7654 /* RECDeviceSubscribeActivityData.swift */ = {isa = PBXFileReference; fileEncoding = 4; lastKnownFileType = sourcecode.swift; path = RECDeviceSubscribeActivityData.swift; sourceTree = "<group>"; };
		526FBDC22921D01B002A7654 /* RECDeviceSubscribeActivity.swift */ = {isa = PBXFileReference; fileEncoding = 4; lastKnownFileType = sourcecode.swift; path = RECDeviceSubscribeActivity.swift; sourceTree = "<group>"; };
		526FBDC42921D01B002A7654 /* RECDeviceListViewActivity.swift */ = {isa = PBXFileReference; fileEncoding = 4; lastKnownFileType = sourcecode.swift; path = RECDeviceListViewActivity.swift; sourceTree = "<group>"; };
		526FBDC52921D01B002A7654 /* RECDeviceListViewActivityData.swift */ = {isa = PBXFileReference; fileEncoding = 4; lastKnownFileType = sourcecode.swift; path = RECDeviceListViewActivityData.swift; sourceTree = "<group>"; };
		526FBDC72921D01B002A7654 /* RECDeviceSearchViewActivity.swift */ = {isa = PBXFileReference; fileEncoding = 4; lastKnownFileType = sourcecode.swift; path = RECDeviceSearchViewActivity.swift; sourceTree = "<group>"; };
		526FBDC82921D01B002A7654 /* RECDeviceSearchViewActivityData.swift */ = {isa = PBXFileReference; fileEncoding = 4; lastKnownFileType = sourcecode.swift; path = RECDeviceSearchViewActivityData.swift; sourceTree = "<group>"; };
		526FBDCA2921D01B002A7654 /* RECDeviceCustomEventActivityData.swift */ = {isa = PBXFileReference; fileEncoding = 4; lastKnownFileType = sourcecode.swift; path = RECDeviceCustomEventActivityData.swift; sourceTree = "<group>"; };
		526FBDCB2921D01B002A7654 /* RECDeviceCustomEventActivity.swift */ = {isa = PBXFileReference; fileEncoding = 4; lastKnownFileType = sourcecode.swift; path = RECDeviceCustomEventActivity.swift; sourceTree = "<group>"; };
		526FBDCD2921D01B002A7654 /* RECDeviceProductRatedActivityData.swift */ = {isa = PBXFileReference; fileEncoding = 4; lastKnownFileType = sourcecode.swift; path = RECDeviceProductRatedActivityData.swift; sourceTree = "<group>"; };
		526FBDCE2921D01B002A7654 /* RECDeviceProductRatedActivity.swift */ = {isa = PBXFileReference; fileEncoding = 4; lastKnownFileType = sourcecode.swift; path = RECDeviceProductRatedActivity.swift; sourceTree = "<group>"; };
		526FBDD02921D01B002A7654 /* RECDeviceCartUpdateActivityData.swift */ = {isa = PBXFileReference; fileEncoding = 4; lastKnownFileType = sourcecode.swift; path = RECDeviceCartUpdateActivityData.swift; sourceTree = "<group>"; };
		526FBDD12921D01B002A7654 /* RECDeviceCartUpdateActivity.swift */ = {isa = PBXFileReference; fileEncoding = 4; lastKnownFileType = sourcecode.swift; path = RECDeviceCartUpdateActivity.swift; sourceTree = "<group>"; };
		526FBDD32921D01B002A7654 /* RECDeviceElasticListActivityData.swift */ = {isa = PBXFileReference; fileEncoding = 4; lastKnownFileType = sourcecode.swift; path = RECDeviceElasticListActivityData.swift; sourceTree = "<group>"; };
		526FBDD42921D01B002A7654 /* RECDeviceElasticListActivity.swift */ = {isa = PBXFileReference; fileEncoding = 4; lastKnownFileType = sourcecode.swift; path = RECDeviceElasticListActivity.swift; sourceTree = "<group>"; };
		526FBDD62921D01B002A7654 /* RECDeviceProductViewActivityData.swift */ = {isa = PBXFileReference; fileEncoding = 4; lastKnownFileType = sourcecode.swift; path = RECDeviceProductViewActivityData.swift; sourceTree = "<group>"; };
		526FBDD72921D01B002A7654 /* RECDeviceProductViewActivity.swift */ = {isa = PBXFileReference; fileEncoding = 4; lastKnownFileType = sourcecode.swift; path = RECDeviceProductViewActivity.swift; sourceTree = "<group>"; };
		526FBDD92921D01B002A7654 /* RECDeviceWishlistUpdateActivity.swift */ = {isa = PBXFileReference; fileEncoding = 4; lastKnownFileType = sourcecode.swift; path = RECDeviceWishlistUpdateActivity.swift; sourceTree = "<group>"; };
		526FBDDA2921D01B002A7654 /* RECDeviceWishlistUpdateActivityData.swift */ = {isa = PBXFileReference; fileEncoding = 4; lastKnownFileType = sourcecode.swift; path = RECDeviceWishlistUpdateActivityData.swift; sourceTree = "<group>"; };
		526FBDDC2921D01B002A7654 /* RECDeviceOpenAppActivity.swift */ = {isa = PBXFileReference; fileEncoding = 4; lastKnownFileType = sourcecode.swift; path = RECDeviceOpenAppActivity.swift; sourceTree = "<group>"; };
		526FBDDE2921D01B002A7654 /* RECDeviceLoginActivity.swift */ = {isa = PBXFileReference; fileEncoding = 4; lastKnownFileType = sourcecode.swift; path = RECDeviceLoginActivity.swift; sourceTree = "<group>"; };
		526FBDE02921D01B002A7654 /* RECDeviceLinkDeviceActivityData.swift */ = {isa = PBXFileReference; fileEncoding = 4; lastKnownFileType = sourcecode.swift; path = RECDeviceLinkDeviceActivityData.swift; sourceTree = "<group>"; };
		526FBDE12921D01B002A7654 /* RECDeviceLinkDeviceActivity.swift */ = {isa = PBXFileReference; fileEncoding = 4; lastKnownFileType = sourcecode.swift; path = RECDeviceLinkDeviceActivity.swift; sourceTree = "<group>"; };
		526FBDE32921D01B002A7654 /* RECDeviceUpdateDeviceActivityData.swift */ = {isa = PBXFileReference; fileEncoding = 4; lastKnownFileType = sourcecode.swift; path = RECDeviceUpdateDeviceActivityData.swift; sourceTree = "<group>"; };
		526FBDE42921D01B002A7654 /* RECDeviceUpdateDeviceActivity.swift */ = {isa = PBXFileReference; fileEncoding = 4; lastKnownFileType = sourcecode.swift; path = RECDeviceUpdateDeviceActivity.swift; sourceTree = "<group>"; };
		526FBDE52921D01B002A7654 /* RECDeviceActivityWithData.swift */ = {isa = PBXFileReference; fileEncoding = 4; lastKnownFileType = sourcecode.swift; path = RECDeviceActivityWithData.swift; sourceTree = "<group>"; };
		526FBDE62921D01B002A7654 /* RECDeviceActivityTrackingRequest.swift */ = {isa = PBXFileReference; fileEncoding = 4; lastKnownFileType = sourcecode.swift; path = RECDeviceActivityTrackingRequest.swift; sourceTree = "<group>"; };
		526FBDE72921D01B002A7654 /* RECDeviceActivityData.swift */ = {isa = PBXFileReference; fileEncoding = 4; lastKnownFileType = sourcecode.swift; path = RECDeviceActivityData.swift; sourceTree = "<group>"; };
		526FBDE92921D01B002A7654 /* RECDeviceLocation.swift */ = {isa = PBXFileReference; fileEncoding = 4; lastKnownFileType = sourcecode.swift; path = RECDeviceLocation.swift; sourceTree = "<group>"; };
		526FBDEA2921D01B002A7654 /* RECDeviceTime.swift */ = {isa = PBXFileReference; fileEncoding = 4; lastKnownFileType = sourcecode.swift; path = RECDeviceTime.swift; sourceTree = "<group>"; };
		526FBDEB2921D01B002A7654 /* RECDeviceTimeZone.swift */ = {isa = PBXFileReference; fileEncoding = 4; lastKnownFileType = sourcecode.swift; path = RECDeviceTimeZone.swift; sourceTree = "<group>"; };
		526FBDEC2921D01B002A7654 /* RECDeviceAPIService.swift */ = {isa = PBXFileReference; fileEncoding = 4; lastKnownFileType = sourcecode.swift; path = RECDeviceAPIService.swift; sourceTree = "<group>"; };
		526FBDED2921D01B002A7654 /* RECDevice.swift */ = {isa = PBXFileReference; fileEncoding = 4; lastKnownFileType = sourcecode.swift; path = RECDevice.swift; sourceTree = "<group>"; };
		526FBE282921D470002A7654 /* RECMessagingConfiguration.swift */ = {isa = PBXFileReference; fileEncoding = 4; lastKnownFileType = sourcecode.swift; path = RECMessagingConfiguration.swift; sourceTree = "<group>"; };
		526FBE292921D470002A7654 /* RECMessaging.swift */ = {isa = PBXFileReference; fileEncoding = 4; lastKnownFileType = sourcecode.swift; path = RECMessaging.swift; sourceTree = "<group>"; };
		526FBE2C2921D470002A7654 /* RECMessagingPushSubscriptionTrackRequest.swift */ = {isa = PBXFileReference; fileEncoding = 4; lastKnownFileType = sourcecode.swift; path = RECMessagingPushSubscriptionTrackRequest.swift; sourceTree = "<group>"; };
		526FBE2D2921D470002A7654 /* RECMessagingPushSubscriptionManager.swift */ = {isa = PBXFileReference; fileEncoding = 4; lastKnownFileType = sourcecode.swift; path = RECMessagingPushSubscriptionManager.swift; sourceTree = "<group>"; };
		526FBE2E2921D470002A7654 /* RECMessagingPushSubscriptionUpdateResult.swift */ = {isa = PBXFileReference; fileEncoding = 4; lastKnownFileType = sourcecode.swift; path = RECMessagingPushSubscriptionUpdateResult.swift; sourceTree = "<group>"; };
		526FBE2F2921D470002A7654 /* RECMessagingPushSubscription.swift */ = {isa = PBXFileReference; fileEncoding = 4; lastKnownFileType = sourcecode.swift; path = RECMessagingPushSubscription.swift; sourceTree = "<group>"; };
		526FBE302921D470002A7654 /* RECMessagingPushSubscriptionStatus.swift */ = {isa = PBXFileReference; fileEncoding = 4; lastKnownFileType = sourcecode.swift; path = RECMessagingPushSubscriptionStatus.swift; sourceTree = "<group>"; };
		526FBE312921D470002A7654 /* RECMessagingPushToken.swift */ = {isa = PBXFileReference; fileEncoding = 4; lastKnownFileType = sourcecode.swift; path = RECMessagingPushToken.swift; sourceTree = "<group>"; };
		526FBE332921D470002A7654 /* RECMessagingPushEvent.swift */ = {isa = PBXFileReference; fileEncoding = 4; lastKnownFileType = sourcecode.swift; path = RECMessagingPushEvent.swift; sourceTree = "<group>"; };
		526FBE342921D470002A7654 /* RECMessagingPushEventData.swift */ = {isa = PBXFileReference; fileEncoding = 4; lastKnownFileType = sourcecode.swift; path = RECMessagingPushEventData.swift; sourceTree = "<group>"; };
		526FBE352921D470002A7654 /* RECMessagingFailedPushEventsStorage.swift */ = {isa = PBXFileReference; fileEncoding = 4; lastKnownFileType = sourcecode.swift; path = RECMessagingFailedPushEventsStorage.swift; sourceTree = "<group>"; };
		526FBE362921D470002A7654 /* RECMessagingPushUserInfo.swift */ = {isa = PBXFileReference; fileEncoding = 4; lastKnownFileType = sourcecode.swift; path = RECMessagingPushUserInfo.swift; sourceTree = "<group>"; };
		526FBE372921D470002A7654 /* RECMessagingPushUserInfoData.swift */ = {isa = PBXFileReference; fileEncoding = 4; lastKnownFileType = sourcecode.swift; path = RECMessagingPushUserInfoData.swift; sourceTree = "<group>"; };
		526FBE382921D470002A7654 /* RECMessagingPushManager.swift */ = {isa = PBXFileReference; fileEncoding = 4; lastKnownFileType = sourcecode.swift; path = RECMessagingPushManager.swift; sourceTree = "<group>"; };
		526FBE3A2921D470002A7654 /* RECMessagingError.swift */ = {isa = PBXFileReference; fileEncoding = 4; lastKnownFileType = sourcecode.swift; path = RECMessagingError.swift; sourceTree = "<group>"; };
		526FBE3B2921D470002A7654 /* RECMessagingErrorCodes.swift */ = {isa = PBXFileReference; fileEncoding = 4; lastKnownFileType = sourcecode.swift; path = RECMessagingErrorCodes.swift; sourceTree = "<group>"; };
		526FBE3C2921D470002A7654 /* RECMessagingNilApplicationNameError.swift */ = {isa = PBXFileReference; fileEncoding = 4; lastKnownFileType = sourcecode.swift; path = RECMessagingNilApplicationNameError.swift; sourceTree = "<group>"; };
		526FBE3D2921D470002A7654 /* RECMessagingAPIService.swift */ = {isa = PBXFileReference; fileEncoding = 4; lastKnownFileType = sourcecode.swift; path = RECMessagingAPIService.swift; sourceTree = "<group>"; };
		526FBE532921D782002A7654 /* RECRecommendationPanel.swift */ = {isa = PBXFileReference; fileEncoding = 4; lastKnownFileType = sourcecode.swift; path = RECRecommendationPanel.swift; sourceTree = "<group>"; };
		526FBE542921D782002A7654 /* RECRecommendationPanelData.swift */ = {isa = PBXFileReference; fileEncoding = 4; lastKnownFileType = sourcecode.swift; path = RECRecommendationPanelData.swift; sourceTree = "<group>"; };
		526FBE552921D782002A7654 /* RECRecommendationPanelProduct.swift */ = {isa = PBXFileReference; fileEncoding = 4; lastKnownFileType = sourcecode.swift; path = RECRecommendationPanelProduct.swift; sourceTree = "<group>"; };
		526FBE572921D782002A7654 /* RECRecommendationPanelRequestFilter.swift */ = {isa = PBXFileReference; fileEncoding = 4; lastKnownFileType = sourcecode.swift; path = RECRecommendationPanelRequestFilter.swift; sourceTree = "<group>"; };
		526FBE582921D782002A7654 /* RECRecommendationPanelRequestVariations.swift */ = {isa = PBXFileReference; fileEncoding = 4; lastKnownFileType = sourcecode.swift; path = RECRecommendationPanelRequestVariations.swift; sourceTree = "<group>"; };
		526FBE592921D782002A7654 /* RECRecommendationPanelsFetchRequestContentType.swift */ = {isa = PBXFileReference; fileEncoding = 4; lastKnownFileType = sourcecode.swift; path = RECRecommendationPanelsFetchRequestContentType.swift; sourceTree = "<group>"; };
		526FBE5A2921D782002A7654 /* RECRecommendationPanelRequestContext.swift */ = {isa = PBXFileReference; fileEncoding = 4; lastKnownFileType = sourcecode.swift; path = RECRecommendationPanelRequestContext.swift; sourceTree = "<group>"; };
		526FBE5B2921D782002A7654 /* RECRecommendationPreviewPanelRequest.swift */ = {isa = PBXFileReference; fileEncoding = 4; lastKnownFileType = sourcecode.swift; path = RECRecommendationPreviewPanelRequest.swift; sourceTree = "<group>"; };
		526FBE5C2921D782002A7654 /* RECRecommendationPanelRequestFilterType.swift */ = {isa = PBXFileReference; fileEncoding = 4; lastKnownFileType = sourcecode.swift; path = RECRecommendationPanelRequestFilterType.swift; sourceTree = "<group>"; };
		526FBE5D2921D782002A7654 /* RECRecommendationPanelsFetchRequest.swift */ = {isa = PBXFileReference; fileEncoding = 4; lastKnownFileType = sourcecode.swift; path = RECRecommendationPanelsFetchRequest.swift; sourceTree = "<group>"; };
		526FBE5E2921D782002A7654 /* RECRecommendationPanelRequestCurrentContext.swift */ = {isa = PBXFileReference; fileEncoding = 4; lastKnownFileType = sourcecode.swift; path = RECRecommendationPanelRequestCurrentContext.swift; sourceTree = "<group>"; };
		526FBE5F2921D782002A7654 /* RECRecommendationPanelRequestFilterOperator.swift */ = {isa = PBXFileReference; fileEncoding = 4; lastKnownFileType = sourcecode.swift; path = RECRecommendationPanelRequestFilterOperator.swift; sourceTree = "<group>"; };
		526FBE602921D782002A7654 /* RECRecommendationPanelRequest.swift */ = {isa = PBXFileReference; fileEncoding = 4; lastKnownFileType = sourcecode.swift; path = RECRecommendationPanelRequest.swift; sourceTree = "<group>"; };
		526FBE622921D782002A7654 /* RECRecommendationAPIService.swift */ = {isa = PBXFileReference; fileEncoding = 4; lastKnownFileType = sourcecode.swift; path = RECRecommendationAPIService.swift; sourceTree = "<group>"; };
		526FBE632921D782002A7654 /* RECRecommendation.swift */ = {isa = PBXFileReference; fileEncoding = 4; lastKnownFileType = sourcecode.swift; path = RECRecommendation.swift; sourceTree = "<group>"; };
		526FBE652921D782002A7654 /* RECRecommendationNilStoreError.swift */ = {isa = PBXFileReference; fileEncoding = 4; lastKnownFileType = sourcecode.swift; path = RECRecommendationNilStoreError.swift; sourceTree = "<group>"; };
		526FBE662921D782002A7654 /* RECProductRecommendationsNilCurrencyCodeError.swift */ = {isa = PBXFileReference; fileEncoding = 4; lastKnownFileType = sourcecode.swift; path = RECProductRecommendationsNilCurrencyCodeError.swift; sourceTree = "<group>"; };
		526FBE672921D782002A7654 /* RECRecommendationNilCurrencyError.swift */ = {isa = PBXFileReference; fileEncoding = 4; lastKnownFileType = sourcecode.swift; path = RECRecommendationNilCurrencyError.swift; sourceTree = "<group>"; };
		526FBE682921D782002A7654 /* RECRecommendationError.swift */ = {isa = PBXFileReference; fileEncoding = 4; lastKnownFileType = sourcecode.swift; path = RECRecommendationError.swift; sourceTree = "<group>"; };
		526FBE692921D782002A7654 /* RECRecommendationErrorCodes.swift */ = {isa = PBXFileReference; fileEncoding = 4; lastKnownFileType = sourcecode.swift; path = RECRecommendationErrorCodes.swift; sourceTree = "<group>"; };
		526FBE6A2921D782002A7654 /* RECRecommendationNilPriceListError.swift */ = {isa = PBXFileReference; fileEncoding = 4; lastKnownFileType = sourcecode.swift; path = RECRecommendationNilPriceListError.swift; sourceTree = "<group>"; };
		5288D9FC2864CFCD00153440 /* LICENSE */ = {isa = PBXFileReference; fileEncoding = 4; lastKnownFileType = text; path = LICENSE; sourceTree = "<group>"; };
		5288D9FD2864CFCD00153440 /* README.md */ = {isa = PBXFileReference; fileEncoding = 4; lastKnownFileType = net.daringfireball.markdown; path = README.md; sourceTree = "<group>"; };
		5288D9FE2864CFCD00153440 /* CHANGELOG.md */ = {isa = PBXFileReference; fileEncoding = 4; lastKnownFileType = net.daringfireball.markdown; path = CHANGELOG.md; sourceTree = "<group>"; };
		5288D9FF2864CFCD00153440 /* Recommend.podspec */ = {isa = PBXFileReference; fileEncoding = 4; lastKnownFileType = text; path = Recommend.podspec; sourceTree = "<group>"; };
		5288DA002864CFCD00153440 /* Package.swift */ = {isa = PBXFileReference; fileEncoding = 4; lastKnownFileType = sourcecode.swift; path = Package.swift; sourceTree = "<group>"; };
		529993862864CD86004ED2E1 /* Recommend.framework */ = {isa = PBXFileReference; explicitFileType = wrapper.framework; includeInIndex = 0; path = Recommend.framework; sourceTree = BUILT_PRODUCTS_DIR; };
		B49C272C291A945D00F69653 /* Date+Recommend.swift */ = {isa = PBXFileReference; lastKnownFileType = sourcecode.swift; path = "Date+Recommend.swift"; sourceTree = "<group>"; };
/* End PBXFileReference section */

/* Begin PBXFrameworksBuildPhase section */
		529993832864CD86004ED2E1 /* Frameworks */ = {
			isa = PBXFrameworksBuildPhase;
			buildActionMask = 2147483647;
			files = (
				520D6314291DBFF6008418BD /* UserNotifications.framework in Frameworks */,
				520D6312291DBFF0008418BD /* UIKit.framework in Frameworks */,
				520D630B291DB4D5008418BD /* WebKitUserAgent in Frameworks */,
			);
			runOnlyForDeploymentPostprocessing = 0;
		};
/* End PBXFrameworksBuildPhase section */

/* Begin PBXGroup section */
		520D6310291DBFF0008418BD /* Frameworks */ = {
			isa = PBXGroup;
			children = (
				520D6313291DBFF6008418BD /* UserNotifications.framework */,
				520D6311291DBFF0008418BD /* UIKit.framework */,
			);
			name = Frameworks;
			sourceTree = "<group>";
		};
		5216F0E029183FD1001ABAA7 /* Sources */ = {
			isa = PBXGroup;
			children = (
				526FBCCE2921CBDF002A7654 /* API */,
				526FBCFE2921CE24002A7654 /* Attribute */,
				526D8B7A291942DF0083BD5A /* Core */,
				526FBD982921D01B002A7654 /* Device */,
				526FBCB729219F39002A7654 /* Headers */,
				526FBE272921D470002A7654 /* Messaging */,
				5216F0E52918405C001ABAA7 /* Recommend.swift */,
				526FBE502921D782002A7654 /* Recommendation */,
			);
			path = Sources;
			sourceTree = "<group>";
		};
		526D8B7A291942DF0083BD5A /* Core */ = {
			isa = PBXGroup;
			children = (
				526FBCBE2921B896002A7654 /* CustomerInfo */,
				526D8B89291947170083BD5A /* Errors */,
				B49C272B291A944100F69653 /* Extensions */,
				526D8B85291944FA0083BD5A /* RECConfiguration.swift */,
				526D8B83291944A90083BD5A /* RECCore.swift */,
			);
			path = Core;
			sourceTree = "<group>";
		};
		526D8B89291947170083BD5A /* Errors */ = {
			isa = PBXGroup;
			children = (
				526D8B8C291947990083BD5A /* RECCoreError.swift */,
				526FBCB029216D3C002A7654 /* RECCoreErrorCodes.swift */,
				526D8B8A291947210083BD5A /* RECError.swift */,
				526FBCAE29216CAF002A7654 /* RECInvalidAccountIdError.swift */,
				526FBCCC2921CA39002A7654 /* RECInvalidDeviceIdError.swift */,
				526FBCB82921B527002A7654 /* RECInvalidInfoPlistError.swift */,
				526FBCBA2921B7C9002A7654 /* RECInvalidUserDefaultsError.swift */,
			);
			path = Errors;
			sourceTree = "<group>";
		};
		526FBCB729219F39002A7654 /* Headers */ = {
			isa = PBXGroup;
			children = (
				5216F0E229183FD1001ABAA7 /* Recommend.h */,
			);
			path = Headers;
			sourceTree = "<group>";
		};
		526FBCBE2921B896002A7654 /* CustomerInfo */ = {
			isa = PBXGroup;
			children = (
				526FBCC22921B896002A7654 /* RECCustomerInfo.swift */,
				526FBCC02921B896002A7654 /* RECMetric.swift */,
				526FBCC12921B896002A7654 /* RECMetrics.swift */,
				526FBCBF2921B896002A7654 /* RECPriceList.swift */,
			);
			path = CustomerInfo;
			sourceTree = "<group>";
		};
		526FBCCE2921CBDF002A7654 /* API */ = {
			isa = PBXGroup;
			children = (
				526FBCDC2921CBDF002A7654 /* Errors */,
				526FBCE52921CBDF002A7654 /* Helpers */,
				526FBCD62921CBDF002A7654 /* Queue */,
				526FBCD52921CBDF002A7654 /* RECAPIClient.swift */,
				526FBCD42921CBDF002A7654 /* RECAPIConfiguration.swift */,
				526FBCD92921CBDF002A7654 /* Request */,
				526FBCCF2921CBDF002A7654 /* Response */,
			);
			path = API;
			sourceTree = "<group>";
		};
		526FBCCF2921CBDF002A7654 /* Response */ = {
			isa = PBXGroup;
			children = (
				526FBCD22921CBDF002A7654 /* RECAPIBaseResponse.swift */,
				526FBCD02921CBDF002A7654 /* RECAPIDataResponse.swift */,
				526FBCD32921CBDF002A7654 /* RECAPIErrorResponse.swift */,
				526FBCD12921CBDF002A7654 /* RECAPIErrorResponseCode.swift */,
			);
			path = Response;
			sourceTree = "<group>";
		};
		526FBCD62921CBDF002A7654 /* Queue */ = {
			isa = PBXGroup;
			children = (
				526FBCD82921CBDF002A7654 /* RECAPIQueue.swift */,
				526FBCD72921CBDF002A7654 /* RECAPIQueueItem.swift */,
			);
			path = Queue;
			sourceTree = "<group>";
		};
		526FBCD92921CBDF002A7654 /* Request */ = {
			isa = PBXGroup;
			children = (
				526FBCDB2921CBDF002A7654 /* RECAPIEndpoint.swift */,
				526FBCDA2921CBDF002A7654 /* RECAPIRequest.swift */,
			);
			path = Request;
			sourceTree = "<group>";
		};
		526FBCDC2921CBDF002A7654 /* Errors */ = {
			isa = PBXGroup;
			children = (
				526FBCE32921CBDF002A7654 /* RECAPIError.swift */,
				526FBCE42921CBDF002A7654 /* RECAPIErrorCodes.swift */,
				526FBCDD2921CBDF002A7654 /* RECAPIErrorResponseError.swift */,
				526FBCE02921CBDF002A7654 /* RECAPIInvalidEndpointURLError.swift */,
				526FBCFC2921CD5D002A7654 /* RECAPIInvalidHostError.swift */,
				526FBCE12921CBDF002A7654 /* RECAPIInvalidResponseError.swift */,
				526FBCDE2921CBDF002A7654 /* RECAPINilUserAgentError.swift */,
				526FBCE22921CBDF002A7654 /* RECAPIRequestAttemptsLimitExceededError.swift */,
				526FBCDF2921CBDF002A7654 /* RECAPIUnexpectedResponseError.swift */,
			);
			path = Errors;
			sourceTree = "<group>";
		};
		526FBCE52921CBDF002A7654 /* Helpers */ = {
			isa = PBXGroup;
			children = (
				526FBCE62921CBDF002A7654 /* RECAPIURLBuilder.swift */,
				526FBCE72921CBDF002A7654 /* RECHTTPMethod.swift */,
			);
			path = Helpers;
			sourceTree = "<group>";
		};
		526FBCFE2921CE24002A7654 /* Attribute */ = {
			isa = PBXGroup;
			children = (
				526FBD002921CE24002A7654 /* Errors */,
				526FBCFF2921CE24002A7654 /* RECAttribute.swift */,
			);
			path = Attribute;
			sourceTree = "<group>";
		};
		526FBD002921CE24002A7654 /* Errors */ = {
			isa = PBXGroup;
			children = (
				526FBD012921CE24002A7654 /* RECAttributeError.swift */,
				526FBD062921CE3D002A7654 /* RECAttributeErrorCodes.swift */,
				526FBD022921CE24002A7654 /* RECAttributeUnexpectedValue.swift */,
			);
			path = Errors;
			sourceTree = "<group>";
		};
		526FBD982921D01B002A7654 /* Device */ = {
			isa = PBXGroup;
			children = (
				526FBD992921D01B002A7654 /* Activity */,
				526FBDE82921D01B002A7654 /* Environment */,
				526FBDED2921D01B002A7654 /* RECDevice.swift */,
				526FBDEC2921D01B002A7654 /* RECDeviceAPIService.swift */,
			);
			path = Device;
			sourceTree = "<group>";
		};
		526FBD992921D01B002A7654 /* Activity */ = {
			isa = PBXGroup;
			children = (
				526FBD9E2921D01B002A7654 /* Activities */,
				526FBD9B2921D01B002A7654 /* Common */,
				526FBD9A2921D01B002A7654 /* RECDeviceActivity.swift */,
				526FBDE72921D01B002A7654 /* RECDeviceActivityData.swift */,
				526FBDE62921D01B002A7654 /* RECDeviceActivityTrackingRequest.swift */,
				526FBDE52921D01B002A7654 /* RECDeviceActivityWithData.swift */,
			);
			path = Activity;
			sourceTree = "<group>";
		};
		526FBD9B2921D01B002A7654 /* Common */ = {
			isa = PBXGroup;
			children = (
				526FBD9D2921D01B002A7654 /* RECDeviceActivityProduct.swift */,
				526FBD9C2921D01B002A7654 /* RECDeviceActivitySearchTerm.swift */,
			);
			path = Common;
			sourceTree = "<group>";
		};
		526FBD9E2921D01B002A7654 /* Activities */ = {
			isa = PBXGroup;
			children = (
				526FBDAB2921D01B002A7654 /* AddToCart */,
				526FBDAE2921D01B002A7654 /* AddToWishlist */,
				526FBDCF2921D01B002A7654 /* CartUpdate */,
				526FBDBD2921D01B002A7654 /* Checkout */,
				526FBD9F2921D01B002A7654 /* CustomerRegistration */,
				526FBDC92921D01B002A7654 /* CustomEvent */,
				526FBDD22921D01B002A7654 /* ElasticList */,
				526FBDDF2921D01B002A7654 /* LinkDevice */,
				526FBDC32921D01B002A7654 /* ListView */,
				526FBDDD2921D01B002A7654 /* Login */,
				526FBDBB2921D01B002A7654 /* Logout */,
				526FBDDB2921D01B002A7654 /* OpenApp */,
				526FBDA52921D01B002A7654 /* PageView */,
				526FBDB82921D01B002A7654 /* PanelView */,
				526FBDB42921D01B002A7654 /* ProductClick */,
				526FBDCC2921D01B002A7654 /* ProductRated */,
				526FBDD52921D01B002A7654 /* ProductView */,
				526FBDA82921D01B002A7654 /* RemoveFromCart */,
				526FBDB12921D01B002A7654 /* RemoveFromWishlist */,
				526FBDA22921D01B002A7654 /* Sale */,
				526FBDC62921D01B002A7654 /* SearchView */,
				526FBDC02921D01B002A7654 /* Subscribe */,
				526FBDE22921D01B002A7654 /* UpdateDevice */,
				526FBDD82921D01B002A7654 /* WishlistUpdate */,
			);
			path = Activities;
			sourceTree = "<group>";
		};
		526FBD9F2921D01B002A7654 /* CustomerRegistration */ = {
			isa = PBXGroup;
			children = (
				526FBDA02921D01B002A7654 /* RECDeviceCustomerRegistrationActivity.swift */,
				526FBDA12921D01B002A7654 /* RECDeviceCustomerRegistrationActivityData.swift */,
			);
			path = CustomerRegistration;
			sourceTree = "<group>";
		};
		526FBDA22921D01B002A7654 /* Sale */ = {
			isa = PBXGroup;
			children = (
				526FBDA42921D01B002A7654 /* RECDeviceSaleActivity.swift */,
				526FBDA32921D01B002A7654 /* RECDeviceSaleActivityData.swift */,
			);
			path = Sale;
			sourceTree = "<group>";
		};
		526FBDA52921D01B002A7654 /* PageView */ = {
			isa = PBXGroup;
			children = (
				526FBDA72921D01B002A7654 /* RECDevicePageViewActivity.swift */,
				526FBDA62921D01B002A7654 /* RECDevicePageViewActivityData.swift */,
			);
			path = PageView;
			sourceTree = "<group>";
		};
		526FBDA82921D01B002A7654 /* RemoveFromCart */ = {
			isa = PBXGroup;
			children = (
				526FBDA92921D01B002A7654 /* RECDeviceRemoveFromCartActivity.swift */,
				526FBDAA2921D01B002A7654 /* RECDeviceRemoveFromCartActivityData.swift */,
			);
			path = RemoveFromCart;
			sourceTree = "<group>";
		};
		526FBDAB2921D01B002A7654 /* AddToCart */ = {
			isa = PBXGroup;
			children = (
				526FBDAD2921D01B002A7654 /* RECDeviceAddToCartActivity.swift */,
				526FBDAC2921D01B002A7654 /* RECDeviceAddToCartActivityData.swift */,
			);
			path = AddToCart;
			sourceTree = "<group>";
		};
		526FBDAE2921D01B002A7654 /* AddToWishlist */ = {
			isa = PBXGroup;
			children = (
				526FBDAF2921D01B002A7654 /* RECDeviceAddToWishlistActivity.swift */,
				526FBDB02921D01B002A7654 /* RECDeviceAddToWishlistActivityData.swift */,
			);
			path = AddToWishlist;
			sourceTree = "<group>";
		};
		526FBDB12921D01B002A7654 /* RemoveFromWishlist */ = {
			isa = PBXGroup;
			children = (
				526FBDB32921D01B002A7654 /* RECDeviceRemoveFromWishlistActivity.swift */,
				526FBDB22921D01B002A7654 /* RECDeviceRemoveFromWishlistActivityData.swift */,
			);
			path = RemoveFromWishlist;
			sourceTree = "<group>";
		};
		526FBDB42921D01B002A7654 /* ProductClick */ = {
			isa = PBXGroup;
			children = (
				526FBDB62921D01B002A7654 /* RECDeviceProductClickActivity.swift */,
				526FBDB52921D01B002A7654 /* RECDeviceProductClickActivityData.swift */,
				526FBDB72921D01B002A7654 /* RECDeviceProductClickActivitySource.swift */,
			);
			path = ProductClick;
			sourceTree = "<group>";
		};
		526FBDB82921D01B002A7654 /* PanelView */ = {
			isa = PBXGroup;
			children = (
				526FBDB92921D01B002A7654 /* RECDevicePanelViewActivity.swift */,
				526FBDBA2921D01B002A7654 /* RECDevicePanelViewActivityData.swift */,
			);
			path = PanelView;
			sourceTree = "<group>";
		};
		526FBDBB2921D01B002A7654 /* Logout */ = {
			isa = PBXGroup;
			children = (
				526FBDBC2921D01B002A7654 /* RECDeviceLogoutActivity.swift */,
			);
			path = Logout;
			sourceTree = "<group>";
		};
		526FBDBD2921D01B002A7654 /* Checkout */ = {
			isa = PBXGroup;
			children = (
				526FBDBF2921D01B002A7654 /* RECDeviceCheckoutActivity.swift */,
				526FBDBE2921D01B002A7654 /* RECDeviceCheckoutActivityData.swift */,
			);
			path = Checkout;
			sourceTree = "<group>";
		};
		526FBDC02921D01B002A7654 /* Subscribe */ = {
			isa = PBXGroup;
			children = (
				526FBDC22921D01B002A7654 /* RECDeviceSubscribeActivity.swift */,
				526FBDC12921D01B002A7654 /* RECDeviceSubscribeActivityData.swift */,
			);
			path = Subscribe;
			sourceTree = "<group>";
		};
		526FBDC32921D01B002A7654 /* ListView */ = {
			isa = PBXGroup;
			children = (
				526FBDC42921D01B002A7654 /* RECDeviceListViewActivity.swift */,
				526FBDC52921D01B002A7654 /* RECDeviceListViewActivityData.swift */,
			);
			path = ListView;
			sourceTree = "<group>";
		};
		526FBDC62921D01B002A7654 /* SearchView */ = {
			isa = PBXGroup;
			children = (
				526FBDC72921D01B002A7654 /* RECDeviceSearchViewActivity.swift */,
				526FBDC82921D01B002A7654 /* RECDeviceSearchViewActivityData.swift */,
			);
			path = SearchView;
			sourceTree = "<group>";
		};
		526FBDC92921D01B002A7654 /* CustomEvent */ = {
			isa = PBXGroup;
			children = (
				526FBDCB2921D01B002A7654 /* RECDeviceCustomEventActivity.swift */,
				526FBDCA2921D01B002A7654 /* RECDeviceCustomEventActivityData.swift */,
			);
			path = CustomEvent;
			sourceTree = "<group>";
		};
		526FBDCC2921D01B002A7654 /* ProductRated */ = {
			isa = PBXGroup;
			children = (
				526FBDCE2921D01B002A7654 /* RECDeviceProductRatedActivity.swift */,
				526FBDCD2921D01B002A7654 /* RECDeviceProductRatedActivityData.swift */,
			);
			path = ProductRated;
			sourceTree = "<group>";
		};
		526FBDCF2921D01B002A7654 /* CartUpdate */ = {
			isa = PBXGroup;
			children = (
				526FBDD12921D01B002A7654 /* RECDeviceCartUpdateActivity.swift */,
				526FBDD02921D01B002A7654 /* RECDeviceCartUpdateActivityData.swift */,
			);
			path = CartUpdate;
			sourceTree = "<group>";
		};
		526FBDD22921D01B002A7654 /* ElasticList */ = {
			isa = PBXGroup;
			children = (
				526FBDD42921D01B002A7654 /* RECDeviceElasticListActivity.swift */,
				526FBDD32921D01B002A7654 /* RECDeviceElasticListActivityData.swift */,
			);
			path = ElasticList;
			sourceTree = "<group>";
		};
		526FBDD52921D01B002A7654 /* ProductView */ = {
			isa = PBXGroup;
			children = (
				526FBDD72921D01B002A7654 /* RECDeviceProductViewActivity.swift */,
				526FBDD62921D01B002A7654 /* RECDeviceProductViewActivityData.swift */,
			);
			path = ProductView;
			sourceTree = "<group>";
		};
		526FBDD82921D01B002A7654 /* WishlistUpdate */ = {
			isa = PBXGroup;
			children = (
				526FBDD92921D01B002A7654 /* RECDeviceWishlistUpdateActivity.swift */,
				526FBDDA2921D01B002A7654 /* RECDeviceWishlistUpdateActivityData.swift */,
			);
			path = WishlistUpdate;
			sourceTree = "<group>";
		};
		526FBDDB2921D01B002A7654 /* OpenApp */ = {
			isa = PBXGroup;
			children = (
				526FBDDC2921D01B002A7654 /* RECDeviceOpenAppActivity.swift */,
			);
			path = OpenApp;
			sourceTree = "<group>";
		};
		526FBDDD2921D01B002A7654 /* Login */ = {
			isa = PBXGroup;
			children = (
				526FBDDE2921D01B002A7654 /* RECDeviceLoginActivity.swift */,
			);
			path = Login;
			sourceTree = "<group>";
		};
		526FBDDF2921D01B002A7654 /* LinkDevice */ = {
			isa = PBXGroup;
			children = (
				526FBDE12921D01B002A7654 /* RECDeviceLinkDeviceActivity.swift */,
				526FBDE02921D01B002A7654 /* RECDeviceLinkDeviceActivityData.swift */,
			);
			path = LinkDevice;
			sourceTree = "<group>";
		};
		526FBDE22921D01B002A7654 /* UpdateDevice */ = {
			isa = PBXGroup;
			children = (
				526FBDE42921D01B002A7654 /* RECDeviceUpdateDeviceActivity.swift */,
				526FBDE32921D01B002A7654 /* RECDeviceUpdateDeviceActivityData.swift */,
			);
			path = UpdateDevice;
			sourceTree = "<group>";
		};
		526FBDE82921D01B002A7654 /* Environment */ = {
			isa = PBXGroup;
			children = (
				526FBDE92921D01B002A7654 /* RECDeviceLocation.swift */,
				526FBDEA2921D01B002A7654 /* RECDeviceTime.swift */,
				526FBDEB2921D01B002A7654 /* RECDeviceTimeZone.swift */,
			);
			path = Environment;
			sourceTree = "<group>";
		};
		526FBE272921D470002A7654 /* Messaging */ = {
			isa = PBXGroup;
			children = (
				526FBE392921D470002A7654 /* Errors */,
				526FBE2A2921D470002A7654 /* Push */,
				526FBE292921D470002A7654 /* RECMessaging.swift */,
				526FBE3D2921D470002A7654 /* RECMessagingAPIService.swift */,
				526FBE282921D470002A7654 /* RECMessagingConfiguration.swift */,
			);
			path = Messaging;
			sourceTree = "<group>";
		};
		526FBE2A2921D470002A7654 /* Push */ = {
			isa = PBXGroup;
			children = (
				526FBE322921D470002A7654 /* Event */,
				526FBE382921D470002A7654 /* RECMessagingPushManager.swift */,
				526FBE312921D470002A7654 /* RECMessagingPushToken.swift */,
				526FBE2B2921D470002A7654 /* Subscription */,
			);
			path = Push;
			sourceTree = "<group>";
		};
		526FBE2B2921D470002A7654 /* Subscription */ = {
			isa = PBXGroup;
			children = (
				526FBE2F2921D470002A7654 /* RECMessagingPushSubscription.swift */,
				526FBE2D2921D470002A7654 /* RECMessagingPushSubscriptionManager.swift */,
				526FBE302921D470002A7654 /* RECMessagingPushSubscriptionStatus.swift */,
				526FBE2C2921D470002A7654 /* RECMessagingPushSubscriptionTrackRequest.swift */,
				526FBE2E2921D470002A7654 /* RECMessagingPushSubscriptionUpdateResult.swift */,
			);
			path = Subscription;
			sourceTree = "<group>";
		};
		526FBE322921D470002A7654 /* Event */ = {
			isa = PBXGroup;
			children = (
				526FBE352921D470002A7654 /* RECMessagingFailedPushEventsStorage.swift */,
				526FBE332921D470002A7654 /* RECMessagingPushEvent.swift */,
				526FBE342921D470002A7654 /* RECMessagingPushEventData.swift */,
				526FBE362921D470002A7654 /* RECMessagingPushUserInfo.swift */,
				526FBE372921D470002A7654 /* RECMessagingPushUserInfoData.swift */,
			);
			path = Event;
			sourceTree = "<group>";
		};
		526FBE392921D470002A7654 /* Errors */ = {
			isa = PBXGroup;
			children = (
				526FBE3A2921D470002A7654 /* RECMessagingError.swift */,
				526FBE3B2921D470002A7654 /* RECMessagingErrorCodes.swift */,
				526FBE3C2921D470002A7654 /* RECMessagingNilApplicationNameError.swift */,
			);
			path = Errors;
			sourceTree = "<group>";
		};
		526FBE502921D782002A7654 /* Recommendation */ = {
			isa = PBXGroup;
			children = (
				526FBE642921D782002A7654 /* Errors */,
				526FBE512921D782002A7654 /* Panels */,
				526FBE632921D782002A7654 /* RECRecommendation.swift */,
				526FBE622921D782002A7654 /* RECRecommendationAPIService.swift */,
			);
			path = Recommendation;
			sourceTree = "<group>";
		};
		526FBE512921D782002A7654 /* Panels */ = {
			isa = PBXGroup;
			children = (
				526FBE562921D782002A7654 /* Request */,
				526FBE522921D782002A7654 /* Response */,
			);
			path = Panels;
			sourceTree = "<group>";
		};
		526FBE522921D782002A7654 /* Response */ = {
			isa = PBXGroup;
			children = (
				526FBE532921D782002A7654 /* RECRecommendationPanel.swift */,
				526FBE542921D782002A7654 /* RECRecommendationPanelData.swift */,
				526FBE552921D782002A7654 /* RECRecommendationPanelProduct.swift */,
			);
			path = Response;
			sourceTree = "<group>";
		};
		526FBE562921D782002A7654 /* Request */ = {
			isa = PBXGroup;
			children = (
				526FBE602921D782002A7654 /* RECRecommendationPanelRequest.swift */,
				526FBE5A2921D782002A7654 /* RECRecommendationPanelRequestContext.swift */,
				526FBE5E2921D782002A7654 /* RECRecommendationPanelRequestCurrentContext.swift */,
				526FBE572921D782002A7654 /* RECRecommendationPanelRequestFilter.swift */,
				526FBE5F2921D782002A7654 /* RECRecommendationPanelRequestFilterOperator.swift */,
				526FBE5C2921D782002A7654 /* RECRecommendationPanelRequestFilterType.swift */,
				526FBE582921D782002A7654 /* RECRecommendationPanelRequestVariations.swift */,
				526FBE5D2921D782002A7654 /* RECRecommendationPanelsFetchRequest.swift */,
				526FBE592921D782002A7654 /* RECRecommendationPanelsFetchRequestContentType.swift */,
				526FBE5B2921D782002A7654 /* RECRecommendationPreviewPanelRequest.swift */,
			);
			path = Request;
			sourceTree = "<group>";
		};
		526FBE642921D782002A7654 /* Errors */ = {
			isa = PBXGroup;
			children = (
				526FBE662921D782002A7654 /* RECProductRecommendationsNilCurrencyCodeError.swift */,
				526FBE682921D782002A7654 /* RECRecommendationError.swift */,
				526FBE692921D782002A7654 /* RECRecommendationErrorCodes.swift */,
				526FBE672921D782002A7654 /* RECRecommendationNilCurrencyError.swift */,
				526FBE6A2921D782002A7654 /* RECRecommendationNilPriceListError.swift */,
				526FBE652921D782002A7654 /* RECRecommendationNilStoreError.swift */,
			);
			path = Errors;
			sourceTree = "<group>";
		};
		5288D9FB2864CFB200153440 /* Metadata */ = {
			isa = PBXGroup;
			children = (
				5288D9FE2864CFCD00153440 /* CHANGELOG.md */,
				5288D9FC2864CFCD00153440 /* LICENSE */,
				5288DA002864CFCD00153440 /* Package.swift */,
				5288D9FD2864CFCD00153440 /* README.md */,
				5288D9FF2864CFCD00153440 /* Recommend.podspec */,
			);
			name = Metadata;
			sourceTree = "<group>";
		};
		5299937C2864CD86004ED2E1 = {
			isa = PBXGroup;
			children = (
				5288D9FB2864CFB200153440 /* Metadata */,
				529993882864CD86004ED2E1 /* Recommend */,
				529993872864CD86004ED2E1 /* Products */,
				520D6310291DBFF0008418BD /* Frameworks */,
			);
			sourceTree = "<group>";
		};
		529993872864CD86004ED2E1 /* Products */ = {
			isa = PBXGroup;
			children = (
				529993862864CD86004ED2E1 /* Recommend.framework */,
			);
			name = Products;
			sourceTree = "<group>";
		};
		529993882864CD86004ED2E1 /* Recommend */ = {
			isa = PBXGroup;
			children = (
				5216F0E029183FD1001ABAA7 /* Sources */,
			);
			path = Recommend;
			sourceTree = "<group>";
		};
		B49C272B291A944100F69653 /* Extensions */ = {
			isa = PBXGroup;
			children = (
				B49C272C291A945D00F69653 /* Date+Recommend.swift */,
			);
			path = Extensions;
			sourceTree = "<group>";
		};
/* End PBXGroup section */

/* Begin PBXHeadersBuildPhase section */
		529993812864CD86004ED2E1 /* Headers */ = {
			isa = PBXHeadersBuildPhase;
			buildActionMask = 2147483647;
			files = (
				5216F0E429183FD1001ABAA7 /* Recommend.h in Headers */,
			);
			runOnlyForDeploymentPostprocessing = 0;
		};
/* End PBXHeadersBuildPhase section */

/* Begin PBXNativeTarget section */
		529993852864CD86004ED2E1 /* Recommend */ = {
			isa = PBXNativeTarget;
			buildConfigurationList = 5299938D2864CD86004ED2E1 /* Build configuration list for PBXNativeTarget "Recommend" */;
			buildPhases = (
				529993812864CD86004ED2E1 /* Headers */,
				5288DA062864D1C300153440 /* SwiftLint */,
				529993822864CD86004ED2E1 /* Sources */,
				529993832864CD86004ED2E1 /* Frameworks */,
				529993842864CD86004ED2E1 /* Resources */,
			);
			buildRules = (
			);
			dependencies = (
			);
			name = Recommend;
			packageProductDependencies = (
				520D630A291DB4D5008418BD /* WebKitUserAgent */,
			);
			productName = Recommend;
			productReference = 529993862864CD86004ED2E1 /* Recommend.framework */;
			productType = "com.apple.product-type.framework";
		};
/* End PBXNativeTarget section */

/* Begin PBXProject section */
		5299937D2864CD86004ED2E1 /* Project object */ = {
			isa = PBXProject;
			attributes = {
				BuildIndependentTargetsInParallel = 1;
				CLASSPREFIX = REC;
				LastUpgradeCheck = 1340;
				ORGANIZATIONNAME = "Recommend OÜ";
				TargetAttributes = {
					529993852864CD86004ED2E1 = {
						CreatedOnToolsVersion = 13.4.1;
						LastSwiftMigration = 1410;
					};
				};
			};
			buildConfigurationList = 529993802864CD86004ED2E1 /* Build configuration list for PBXProject "Recommend" */;
			compatibilityVersion = "Xcode 13.0";
			developmentRegion = en;
			hasScannedForEncodings = 0;
			knownRegions = (
				en,
				Base,
			);
			mainGroup = 5299937C2864CD86004ED2E1;
			packageReferences = (
				520D6309291DB4D5008418BD /* XCRemoteSwiftPackageReference "webkit-user-agent" */,
			);
			productRefGroup = 529993872864CD86004ED2E1 /* Products */;
			projectDirPath = "";
			projectRoot = "";
			targets = (
				529993852864CD86004ED2E1 /* Recommend */,
			);
		};
/* End PBXProject section */

/* Begin PBXResourcesBuildPhase section */
		529993842864CD86004ED2E1 /* Resources */ = {
			isa = PBXResourcesBuildPhase;
			buildActionMask = 2147483647;
			files = (
			);
			runOnlyForDeploymentPostprocessing = 0;
		};
/* End PBXResourcesBuildPhase section */

/* Begin PBXShellScriptBuildPhase section */
		5288DA062864D1C300153440 /* SwiftLint */ = {
			isa = PBXShellScriptBuildPhase;
			buildActionMask = 2147483647;
			files = (
			);
			inputFileListPaths = (
			);
			inputPaths = (
			);
			name = SwiftLint;
			outputFileListPaths = (
			);
			outputPaths = (
			);
			runOnlyForDeploymentPostprocessing = 0;
			shellPath = /bin/sh;
			shellScript = "export PATH=\"$PATH:/opt/homebrew/bin\"\nif which swiftlint > /dev/null; then\n  swiftlint\nelse\n  echo \"warning: SwiftLint not installed, download from https://github.com/realm/SwiftLint\"\nfi\n";
		};
/* End PBXShellScriptBuildPhase section */

/* Begin PBXSourcesBuildPhase section */
		529993822864CD86004ED2E1 /* Sources */ = {
			isa = PBXSourcesBuildPhase;
			buildActionMask = 2147483647;
			files = (
				526FBCF42921CBDF002A7654 /* RECAPIUnexpectedResponseError.swift in Sources */,
				526FBCE82921CBDF002A7654 /* RECAPIDataResponse.swift in Sources */,
				526FBE452921D470002A7654 /* RECMessagingPushToken.swift in Sources */,
				526FBDF32921D01C002A7654 /* RECDeviceSaleActivityData.swift in Sources */,
				526FBE4C2921D470002A7654 /* RECMessagingError.swift in Sources */,
				526FBD042921CE24002A7654 /* RECAttributeError.swift in Sources */,
				526FBCE92921CBDF002A7654 /* RECAPIErrorResponseCode.swift in Sources */,
				526FBDF22921D01C002A7654 /* RECDeviceCustomerRegistrationActivityData.swift in Sources */,
				526FBDF92921D01C002A7654 /* RECDeviceAddToCartActivityData.swift in Sources */,
				526FBCEF2921CBDF002A7654 /* RECAPIQueue.swift in Sources */,
				526FBCCD2921CA39002A7654 /* RECInvalidDeviceIdError.swift in Sources */,
				526FBE782921D782002A7654 /* RECRecommendationAPIService.swift in Sources */,
				526FBE162921D01C002A7654 /* RECDeviceProductViewActivity.swift in Sources */,
				526FBE492921D470002A7654 /* RECMessagingPushUserInfo.swift in Sources */,
				526FBE3F2921D470002A7654 /* RECMessaging.swift in Sources */,
				526FBE6B2921D782002A7654 /* RECRecommendationPanel.swift in Sources */,
				526FBCF22921CBDF002A7654 /* RECAPIErrorResponseError.swift in Sources */,
				526FBE442921D470002A7654 /* RECMessagingPushSubscriptionStatus.swift in Sources */,
				526FBE192921D01C002A7654 /* RECDeviceOpenAppActivity.swift in Sources */,
				526FBCFD2921CD5D002A7654 /* RECAPIInvalidHostError.swift in Sources */,
				526FBE132921D01C002A7654 /* RECDeviceElasticListActivityData.swift in Sources */,
				526FBE042921D01C002A7654 /* RECDeviceLogoutActivity.swift in Sources */,
				526FBE402921D470002A7654 /* RECMessagingPushSubscriptionTrackRequest.swift in Sources */,
				526FBE772921D782002A7654 /* RECRecommendationPanelRequest.swift in Sources */,
				526FBE4B2921D470002A7654 /* RECMessagingPushManager.swift in Sources */,
				526FBCF12921CBDF002A7654 /* RECAPIEndpoint.swift in Sources */,
				526FBE052921D01C002A7654 /* RECDeviceCheckoutActivityData.swift in Sources */,
				526FBE792921D782002A7654 /* RECRecommendation.swift in Sources */,
				526FBE6E2921D782002A7654 /* RECRecommendationPanelRequestFilter.swift in Sources */,
				526FBD032921CE24002A7654 /* RECAttribute.swift in Sources */,
				526FBCAF29216CAF002A7654 /* RECInvalidAccountIdError.swift in Sources */,
				526FBE1B2921D01C002A7654 /* RECDeviceLinkDeviceActivityData.swift in Sources */,
				526FBDEF2921D01C002A7654 /* RECDeviceActivitySearchTerm.swift in Sources */,
				526FBDF62921D01C002A7654 /* RECDevicePageViewActivity.swift in Sources */,
				526FBE142921D01C002A7654 /* RECDeviceElasticListActivity.swift in Sources */,
				526FBE1C2921D01C002A7654 /* RECDeviceLinkDeviceActivity.swift in Sources */,
				526FBE242921D01C002A7654 /* RECDeviceTimeZone.swift in Sources */,
				526FBE072921D01C002A7654 /* RECDeviceSubscribeActivityData.swift in Sources */,
				526FBDEE2921D01C002A7654 /* RECDeviceActivity.swift in Sources */,
				526FBDF52921D01C002A7654 /* RECDevicePageViewActivityData.swift in Sources */,
				526FBDFD2921D01C002A7654 /* RECDeviceRemoveFromWishlistActivityData.swift in Sources */,
				526FBE002921D01C002A7654 /* RECDeviceProductClickActivity.swift in Sources */,
				526FBE6D2921D782002A7654 /* RECRecommendationPanelProduct.swift in Sources */,
				526FBE232921D01C002A7654 /* RECDeviceTime.swift in Sources */,
				526D8B8D291947990083BD5A /* RECCoreError.swift in Sources */,
				526FBE722921D782002A7654 /* RECRecommendationPreviewPanelRequest.swift in Sources */,
				526FBDFB2921D01C002A7654 /* RECDeviceAddToWishlistActivity.swift in Sources */,
				526FBE212921D01C002A7654 /* RECDeviceActivityData.swift in Sources */,
				526FBE412921D470002A7654 /* RECMessagingPushSubscriptionManager.swift in Sources */,
				526FBE4D2921D470002A7654 /* RECMessagingErrorCodes.swift in Sources */,
				526FBE3E2921D470002A7654 /* RECMessagingConfiguration.swift in Sources */,
				526FBE422921D470002A7654 /* RECMessagingPushSubscriptionUpdateResult.swift in Sources */,
				526FBE7D2921D782002A7654 /* RECRecommendationError.swift in Sources */,
				526FBE7A2921D782002A7654 /* RECRecommendationNilStoreError.swift in Sources */,
				526FBDFA2921D01C002A7654 /* RECDeviceAddToCartActivity.swift in Sources */,
				526FBE202921D01C002A7654 /* RECDeviceActivityTrackingRequest.swift in Sources */,
				526FBCC52921B896002A7654 /* RECMetrics.swift in Sources */,
				526FBCF82921CBDF002A7654 /* RECAPIError.swift in Sources */,
				526FBE172921D01C002A7654 /* RECDeviceWishlistUpdateActivity.swift in Sources */,
				526FBCEE2921CBDF002A7654 /* RECAPIQueueItem.swift in Sources */,
				526FBE082921D01C002A7654 /* RECDeviceSubscribeActivity.swift in Sources */,
				526FBE462921D470002A7654 /* RECMessagingPushEvent.swift in Sources */,
				526FBE7F2921D782002A7654 /* RECRecommendationNilPriceListError.swift in Sources */,
				526FBE112921D01C002A7654 /* RECDeviceCartUpdateActivityData.swift in Sources */,
				526FBE0B2921D01C002A7654 /* RECDeviceSearchViewActivity.swift in Sources */,
				526FBD052921CE24002A7654 /* RECAttributeUnexpectedValue.swift in Sources */,
				526FBE012921D01C002A7654 /* RECDeviceProductClickActivitySource.swift in Sources */,
				526FBCC32921B896002A7654 /* RECPriceList.swift in Sources */,
				526FBE0A2921D01C002A7654 /* RECDeviceListViewActivityData.swift in Sources */,
				526FBE062921D01C002A7654 /* RECDeviceCheckoutActivity.swift in Sources */,
				526FBE4E2921D470002A7654 /* RECMessagingNilApplicationNameError.swift in Sources */,
				526FBE6F2921D782002A7654 /* RECRecommendationPanelRequestVariations.swift in Sources */,
				526D8B84291944A90083BD5A /* RECCore.swift in Sources */,
				526FBE182921D01C002A7654 /* RECDeviceWishlistUpdateActivityData.swift in Sources */,
				526FBE752921D782002A7654 /* RECRecommendationPanelRequestCurrentContext.swift in Sources */,
				526FBDFF2921D01C002A7654 /* RECDeviceProductClickActivityData.swift in Sources */,
				526FBCFB2921CBDF002A7654 /* RECHTTPMethod.swift in Sources */,
				526FBCF72921CBDF002A7654 /* RECAPIRequestAttemptsLimitExceededError.swift in Sources */,
				526FBE762921D782002A7654 /* RECRecommendationPanelRequestFilterOperator.swift in Sources */,
				526D8B8B291947210083BD5A /* RECError.swift in Sources */,
				526FBCBB2921B7C9002A7654 /* RECInvalidUserDefaultsError.swift in Sources */,
				526FBE222921D01C002A7654 /* RECDeviceLocation.swift in Sources */,
				5216F0E62918405C001ABAA7 /* Recommend.swift in Sources */,
				526FBCEA2921CBDF002A7654 /* RECAPIBaseResponse.swift in Sources */,
				526FBDFC2921D01C002A7654 /* RECDeviceAddToWishlistActivityData.swift in Sources */,
				526FBE4F2921D470002A7654 /* RECMessagingAPIService.swift in Sources */,
				526FBE482921D470002A7654 /* RECMessagingFailedPushEventsStorage.swift in Sources */,
				526FBE1D2921D01C002A7654 /* RECDeviceUpdateDeviceActivityData.swift in Sources */,
				526FBDF12921D01C002A7654 /* RECDeviceCustomerRegistrationActivity.swift in Sources */,
				526FBCB92921B527002A7654 /* RECInvalidInfoPlistError.swift in Sources */,
				526FBCF32921CBDF002A7654 /* RECAPINilUserAgentError.swift in Sources */,
				526FBE0F2921D01C002A7654 /* RECDeviceProductRatedActivityData.swift in Sources */,
				526FBDF02921D01C002A7654 /* RECDeviceActivityProduct.swift in Sources */,
				526FBDFE2921D01C002A7654 /* RECDeviceRemoveFromWishlistActivity.swift in Sources */,
				526FBCC62921B896002A7654 /* RECCustomerInfo.swift in Sources */,
				526FBCEB2921CBDF002A7654 /* RECAPIErrorResponse.swift in Sources */,
				526FBCB129216D3C002A7654 /* RECCoreErrorCodes.swift in Sources */,
				526FBE472921D470002A7654 /* RECMessagingPushEventData.swift in Sources */,
				526FBE022921D01C002A7654 /* RECDevicePanelViewActivity.swift in Sources */,
				526FBE6C2921D782002A7654 /* RECRecommendationPanelData.swift in Sources */,
				526FBE092921D01C002A7654 /* RECDeviceListViewActivity.swift in Sources */,
				526FBE1E2921D01C002A7654 /* RECDeviceUpdateDeviceActivity.swift in Sources */,
				526FBE0D2921D01C002A7654 /* RECDeviceCustomEventActivityData.swift in Sources */,
				526FBE252921D01C002A7654 /* RECDeviceAPIService.swift in Sources */,
				526FBE732921D782002A7654 /* RECRecommendationPanelRequestFilterType.swift in Sources */,
				526FBE032921D01C002A7654 /* RECDevicePanelViewActivityData.swift in Sources */,
				526FBD072921CE3D002A7654 /* RECAttributeErrorCodes.swift in Sources */,
				526FBE702921D782002A7654 /* RECRecommendationPanelsFetchRequestContentType.swift in Sources */,
				526FBE1A2921D01C002A7654 /* RECDeviceLoginActivity.swift in Sources */,
				526FBE7E2921D782002A7654 /* RECRecommendationErrorCodes.swift in Sources */,
				526FBCEC2921CBDF002A7654 /* RECAPIConfiguration.swift in Sources */,
				526FBE7B2921D782002A7654 /* RECProductRecommendationsNilCurrencyCodeError.swift in Sources */,
				526FBCFA2921CBDF002A7654 /* RECAPIURLBuilder.swift in Sources */,
				526FBE0E2921D01C002A7654 /* RECDeviceCustomEventActivity.swift in Sources */,
				526FBCF02921CBDF002A7654 /* RECAPIRequest.swift in Sources */,
				526FBE122921D01C002A7654 /* RECDeviceCartUpdateActivity.swift in Sources */,
				526FBDF72921D01C002A7654 /* RECDeviceRemoveFromCartActivity.swift in Sources */,
				526FBE432921D470002A7654 /* RECMessagingPushSubscription.swift in Sources */,
				526FBE7C2921D782002A7654 /* RECRecommendationNilCurrencyError.swift in Sources */,
				526FBDF42921D01C002A7654 /* RECDeviceSaleActivity.swift in Sources */,
				526FBDF82921D01C002A7654 /* RECDeviceRemoveFromCartActivityData.swift in Sources */,
				526FBCF62921CBDF002A7654 /* RECAPIInvalidResponseError.swift in Sources */,
				526FBE102921D01C002A7654 /* RECDeviceProductRatedActivity.swift in Sources */,
				526FBCC42921B896002A7654 /* RECMetric.swift in Sources */,
				526FBCF52921CBDF002A7654 /* RECAPIInvalidEndpointURLError.swift in Sources */,
				526FBE742921D782002A7654 /* RECRecommendationPanelsFetchRequest.swift in Sources */,
				B49C272D291A945D00F69653 /* Date+Recommend.swift in Sources */,
				526FBE262921D01C002A7654 /* RECDevice.swift in Sources */,
				526FBE712921D782002A7654 /* RECRecommendationPanelRequestContext.swift in Sources */,
				526FBCED2921CBDF002A7654 /* RECAPIClient.swift in Sources */,
				526FBE1F2921D01C002A7654 /* RECDeviceActivityWithData.swift in Sources */,
				526D8B86291944FA0083BD5A /* RECConfiguration.swift in Sources */,
				526FBCF92921CBDF002A7654 /* RECAPIErrorCodes.swift in Sources */,
				526FBE152921D01C002A7654 /* RECDeviceProductViewActivityData.swift in Sources */,
				526FBE4A2921D470002A7654 /* RECMessagingPushUserInfoData.swift in Sources */,
				526FBE0C2921D01C002A7654 /* RECDeviceSearchViewActivityData.swift in Sources */,
			);
			runOnlyForDeploymentPostprocessing = 0;
		};
/* End PBXSourcesBuildPhase section */

/* Begin XCBuildConfiguration section */
		5299938B2864CD86004ED2E1 /* Debug */ = {
			isa = XCBuildConfiguration;
			buildSettings = {
				ALWAYS_SEARCH_USER_PATHS = NO;
				CLANG_ANALYZER_NONNULL = YES;
				CLANG_ANALYZER_NUMBER_OBJECT_CONVERSION = YES_AGGRESSIVE;
				CLANG_CXX_LANGUAGE_STANDARD = "gnu++17";
				CLANG_ENABLE_MODULES = YES;
				CLANG_ENABLE_OBJC_ARC = YES;
				CLANG_ENABLE_OBJC_WEAK = YES;
				CLANG_WARN_BLOCK_CAPTURE_AUTORELEASING = YES;
				CLANG_WARN_BOOL_CONVERSION = YES;
				CLANG_WARN_COMMA = YES;
				CLANG_WARN_CONSTANT_CONVERSION = YES;
				CLANG_WARN_DEPRECATED_OBJC_IMPLEMENTATIONS = YES;
				CLANG_WARN_DIRECT_OBJC_ISA_USAGE = YES_ERROR;
				CLANG_WARN_DOCUMENTATION_COMMENTS = YES;
				CLANG_WARN_EMPTY_BODY = YES;
				CLANG_WARN_ENUM_CONVERSION = YES;
				CLANG_WARN_INFINITE_RECURSION = YES;
				CLANG_WARN_INT_CONVERSION = YES;
				CLANG_WARN_NON_LITERAL_NULL_CONVERSION = YES;
				CLANG_WARN_OBJC_IMPLICIT_RETAIN_SELF = YES;
				CLANG_WARN_OBJC_LITERAL_CONVERSION = YES;
				CLANG_WARN_OBJC_ROOT_CLASS = YES_ERROR;
				CLANG_WARN_QUOTED_INCLUDE_IN_FRAMEWORK_HEADER = YES;
				CLANG_WARN_RANGE_LOOP_ANALYSIS = YES;
				CLANG_WARN_STRICT_PROTOTYPES = YES;
				CLANG_WARN_SUSPICIOUS_MOVE = YES;
				CLANG_WARN_UNGUARDED_AVAILABILITY = YES_AGGRESSIVE;
				CLANG_WARN_UNREACHABLE_CODE = YES;
				CLANG_WARN__DUPLICATE_METHOD_MATCH = YES;
				COPY_PHASE_STRIP = NO;
				CURRENT_PROJECT_VERSION = 1;
				DEBUG_INFORMATION_FORMAT = dwarf;
				ENABLE_STRICT_OBJC_MSGSEND = YES;
				ENABLE_TESTABILITY = YES;
				GCC_C_LANGUAGE_STANDARD = gnu11;
				GCC_DYNAMIC_NO_PIC = NO;
				GCC_NO_COMMON_BLOCKS = YES;
				GCC_OPTIMIZATION_LEVEL = 0;
				GCC_PREPROCESSOR_DEFINITIONS = (
					"DEBUG=1",
					"$(inherited)",
				);
				GCC_WARN_64_TO_32_BIT_CONVERSION = YES;
				GCC_WARN_ABOUT_RETURN_TYPE = YES_ERROR;
				GCC_WARN_UNDECLARED_SELECTOR = YES;
				GCC_WARN_UNINITIALIZED_AUTOS = YES_AGGRESSIVE;
				GCC_WARN_UNUSED_FUNCTION = YES;
				GCC_WARN_UNUSED_VARIABLE = YES;
				IPHONEOS_DEPLOYMENT_TARGET = 11.0;
				MTL_ENABLE_DEBUG_INFO = INCLUDE_SOURCE;
				MTL_FAST_MATH = YES;
				ONLY_ACTIVE_ARCH = YES;
				SDKROOT = iphoneos;
				SWIFT_ACTIVE_COMPILATION_CONDITIONS = DEBUG;
				SWIFT_OPTIMIZATION_LEVEL = "-Onone";
				VERSIONING_SYSTEM = "apple-generic";
				VERSION_INFO_PREFIX = "";
			};
			name = Debug;
		};
		5299938C2864CD86004ED2E1 /* Release */ = {
			isa = XCBuildConfiguration;
			buildSettings = {
				ALWAYS_SEARCH_USER_PATHS = NO;
				CLANG_ANALYZER_NONNULL = YES;
				CLANG_ANALYZER_NUMBER_OBJECT_CONVERSION = YES_AGGRESSIVE;
				CLANG_CXX_LANGUAGE_STANDARD = "gnu++17";
				CLANG_ENABLE_MODULES = YES;
				CLANG_ENABLE_OBJC_ARC = YES;
				CLANG_ENABLE_OBJC_WEAK = YES;
				CLANG_WARN_BLOCK_CAPTURE_AUTORELEASING = YES;
				CLANG_WARN_BOOL_CONVERSION = YES;
				CLANG_WARN_COMMA = YES;
				CLANG_WARN_CONSTANT_CONVERSION = YES;
				CLANG_WARN_DEPRECATED_OBJC_IMPLEMENTATIONS = YES;
				CLANG_WARN_DIRECT_OBJC_ISA_USAGE = YES_ERROR;
				CLANG_WARN_DOCUMENTATION_COMMENTS = YES;
				CLANG_WARN_EMPTY_BODY = YES;
				CLANG_WARN_ENUM_CONVERSION = YES;
				CLANG_WARN_INFINITE_RECURSION = YES;
				CLANG_WARN_INT_CONVERSION = YES;
				CLANG_WARN_NON_LITERAL_NULL_CONVERSION = YES;
				CLANG_WARN_OBJC_IMPLICIT_RETAIN_SELF = YES;
				CLANG_WARN_OBJC_LITERAL_CONVERSION = YES;
				CLANG_WARN_OBJC_ROOT_CLASS = YES_ERROR;
				CLANG_WARN_QUOTED_INCLUDE_IN_FRAMEWORK_HEADER = YES;
				CLANG_WARN_RANGE_LOOP_ANALYSIS = YES;
				CLANG_WARN_STRICT_PROTOTYPES = YES;
				CLANG_WARN_SUSPICIOUS_MOVE = YES;
				CLANG_WARN_UNGUARDED_AVAILABILITY = YES_AGGRESSIVE;
				CLANG_WARN_UNREACHABLE_CODE = YES;
				CLANG_WARN__DUPLICATE_METHOD_MATCH = YES;
				COPY_PHASE_STRIP = NO;
				CURRENT_PROJECT_VERSION = 1;
				DEBUG_INFORMATION_FORMAT = "dwarf-with-dsym";
				ENABLE_NS_ASSERTIONS = NO;
				ENABLE_STRICT_OBJC_MSGSEND = YES;
				GCC_C_LANGUAGE_STANDARD = gnu11;
				GCC_NO_COMMON_BLOCKS = YES;
				GCC_WARN_64_TO_32_BIT_CONVERSION = YES;
				GCC_WARN_ABOUT_RETURN_TYPE = YES_ERROR;
				GCC_WARN_UNDECLARED_SELECTOR = YES;
				GCC_WARN_UNINITIALIZED_AUTOS = YES_AGGRESSIVE;
				GCC_WARN_UNUSED_FUNCTION = YES;
				GCC_WARN_UNUSED_VARIABLE = YES;
				IPHONEOS_DEPLOYMENT_TARGET = 11.0;
				MTL_ENABLE_DEBUG_INFO = NO;
				MTL_FAST_MATH = YES;
				SDKROOT = iphoneos;
				SWIFT_COMPILATION_MODE = wholemodule;
				SWIFT_OPTIMIZATION_LEVEL = "-O";
				VALIDATE_PRODUCT = YES;
				VERSIONING_SYSTEM = "apple-generic";
				VERSION_INFO_PREFIX = "";
			};
			name = Release;
		};
		5299938E2864CD86004ED2E1 /* Debug */ = {
			isa = XCBuildConfiguration;
			buildSettings = {
				CLANG_ENABLE_MODULES = YES;
				CODE_SIGN_STYLE = Automatic;
				CURRENT_PROJECT_VERSION = 1;
				DEFINES_MODULE = YES;
				DEVELOPMENT_TEAM = "";
				DYLIB_COMPATIBILITY_VERSION = 1;
				DYLIB_CURRENT_VERSION = 1;
				DYLIB_INSTALL_NAME_BASE = "@rpath";
				GENERATE_INFOPLIST_FILE = YES;
				INFOPLIST_KEY_NSHumanReadableCopyright = "";
				INSTALL_PATH = "$(LOCAL_LIBRARY_DIR)/Frameworks";
				LD_RUNPATH_SEARCH_PATHS = (
					"$(inherited)",
					"@executable_path/Frameworks",
					"@loader_path/Frameworks",
				);
				MARKETING_VERSION = 0.2.2;
				PRODUCT_BUNDLE_IDENTIFIER = pro.recommend.sdk;
				PRODUCT_NAME = "$(TARGET_NAME:c99extidentifier)";
				SKIP_INSTALL = YES;
				SUPPORTS_MACCATALYST = NO;
				SWIFT_EMIT_LOC_STRINGS = YES;
				SWIFT_OPTIMIZATION_LEVEL = "-Onone";
				SWIFT_VERSION = 5.0;
				TARGETED_DEVICE_FAMILY = "1,2";
			};
			name = Debug;
		};
		5299938F2864CD86004ED2E1 /* Release */ = {
			isa = XCBuildConfiguration;
			buildSettings = {
				CLANG_ENABLE_MODULES = YES;
				CODE_SIGN_STYLE = Automatic;
				CURRENT_PROJECT_VERSION = 1;
				DEFINES_MODULE = YES;
				DEVELOPMENT_TEAM = "";
				DYLIB_COMPATIBILITY_VERSION = 1;
				DYLIB_CURRENT_VERSION = 1;
				DYLIB_INSTALL_NAME_BASE = "@rpath";
				GENERATE_INFOPLIST_FILE = YES;
				INFOPLIST_KEY_NSHumanReadableCopyright = "";
				INSTALL_PATH = "$(LOCAL_LIBRARY_DIR)/Frameworks";
				LD_RUNPATH_SEARCH_PATHS = (
					"$(inherited)",
					"@executable_path/Frameworks",
					"@loader_path/Frameworks",
				);
				MARKETING_VERSION = 0.2.2;
				PRODUCT_BUNDLE_IDENTIFIER = pro.recommend.sdk;
				PRODUCT_NAME = "$(TARGET_NAME:c99extidentifier)";
				SKIP_INSTALL = YES;
				SUPPORTS_MACCATALYST = NO;
				SWIFT_EMIT_LOC_STRINGS = YES;
				SWIFT_VERSION = 5.0;
				TARGETED_DEVICE_FAMILY = "1,2";
			};
			name = Release;
		};
/* End XCBuildConfiguration section */

/* Begin XCConfigurationList section */
		529993802864CD86004ED2E1 /* Build configuration list for PBXProject "Recommend" */ = {
			isa = XCConfigurationList;
			buildConfigurations = (
				5299938B2864CD86004ED2E1 /* Debug */,
				5299938C2864CD86004ED2E1 /* Release */,
			);
			defaultConfigurationIsVisible = 0;
			defaultConfigurationName = Release;
		};
		5299938D2864CD86004ED2E1 /* Build configuration list for PBXNativeTarget "Recommend" */ = {
			isa = XCConfigurationList;
			buildConfigurations = (
				5299938E2864CD86004ED2E1 /* Debug */,
				5299938F2864CD86004ED2E1 /* Release */,
			);
			defaultConfigurationIsVisible = 0;
			defaultConfigurationName = Release;
		};
/* End XCConfigurationList section */

/* Begin XCRemoteSwiftPackageReference section */
		520D6309291DB4D5008418BD /* XCRemoteSwiftPackageReference "webkit-user-agent" */ = {
			isa = XCRemoteSwiftPackageReference;
			repositoryURL = "https://github.com/dmytriigolovanov/webkit-user-agent";
			requirement = {
				kind = upToNextMajorVersion;
				minimumVersion = 3.0.0;
			};
		};
/* End XCRemoteSwiftPackageReference section */

/* Begin XCSwiftPackageProductDependency section */
		520D630A291DB4D5008418BD /* WebKitUserAgent */ = {
			isa = XCSwiftPackageProductDependency;
			package = 520D6309291DB4D5008418BD /* XCRemoteSwiftPackageReference "webkit-user-agent" */;
			productName = WebKitUserAgent;
		};
/* End XCSwiftPackageProductDependency section */
	};
	rootObject = 5299937D2864CD86004ED2E1 /* Project object */;
}
