// !$*UTF8*$!
{
	archiveVersion = 1;
	classes = {
	};
	objectVersion = 55;
	objects = {

/* Begin PBXBuildFile section */
		520D630B291DB4D5008418BD /* WebKitUserAgent in Frameworks */ = {isa = PBXBuildFile; productRef = 520D630A291DB4D5008418BD /* WebKitUserAgent */; };
		520D6312291DBFF0008418BD /* UIKit.framework in Frameworks */ = {isa = PBXBuildFile; fileRef = 520D6311291DBFF0008418BD /* UIKit.framework */; };
		520D6314291DBFF6008418BD /* UserNotifications.framework in Frameworks */ = {isa = PBXBuildFile; fileRef = 520D6313291DBFF6008418BD /* UserNotifications.framework */; };
		5216F0E429183FD1001ABAA7 /* Recommend.h in Headers */ = {isa = PBXBuildFile; fileRef = 5216F0E229183FD1001ABAA7 /* Recommend.h */; };
		5216F0E62918405C001ABAA7 /* Recommend.swift in Sources */ = {isa = PBXBuildFile; fileRef = 5216F0E52918405C001ABAA7 /* Recommend.swift */; };
		526D8B84291944A90083BD5A /* RECCore.swift in Sources */ = {isa = PBXBuildFile; fileRef = 526D8B83291944A90083BD5A /* RECCore.swift */; };
		526D8B86291944FA0083BD5A /* RECConfiguration.swift in Sources */ = {isa = PBXBuildFile; fileRef = 526D8B85291944FA0083BD5A /* RECConfiguration.swift */; };
		526D8B8B291947210083BD5A /* RECError.swift in Sources */ = {isa = PBXBuildFile; fileRef = 526D8B8A291947210083BD5A /* RECError.swift */; };
		526D8B8D291947990083BD5A /* RECCoreError.swift in Sources */ = {isa = PBXBuildFile; fileRef = 526D8B8C291947990083BD5A /* RECCoreError.swift */; };
		526FBCAF29216CAF002A7654 /* RECInvalidAccountIdError.swift in Sources */ = {isa = PBXBuildFile; fileRef = 526FBCAE29216CAF002A7654 /* RECInvalidAccountIdError.swift */; };
		526FBCB129216D3C002A7654 /* RECCoreErrorCodes.swift in Sources */ = {isa = PBXBuildFile; fileRef = 526FBCB029216D3C002A7654 /* RECCoreErrorCodes.swift */; };
		526FBCB92921B527002A7654 /* RECInvalidInfoPlistError.swift in Sources */ = {isa = PBXBuildFile; fileRef = 526FBCB82921B527002A7654 /* RECInvalidInfoPlistError.swift */; };
		526FBCBB2921B7C9002A7654 /* RECInvalidUserDefaultsError.swift in Sources */ = {isa = PBXBuildFile; fileRef = 526FBCBA2921B7C9002A7654 /* RECInvalidUserDefaultsError.swift */; };
		526FBCC32921B896002A7654 /* RECPriceList.swift in Sources */ = {isa = PBXBuildFile; fileRef = 526FBCBF2921B896002A7654 /* RECPriceList.swift */; };
		526FBCC42921B896002A7654 /* RECMetric.swift in Sources */ = {isa = PBXBuildFile; fileRef = 526FBCC02921B896002A7654 /* RECMetric.swift */; };
		526FBCC52921B896002A7654 /* RECMetrics.swift in Sources */ = {isa = PBXBuildFile; fileRef = 526FBCC12921B896002A7654 /* RECMetrics.swift */; };
		526FBCC62921B896002A7654 /* RECCustomerInfo.swift in Sources */ = {isa = PBXBuildFile; fileRef = 526FBCC22921B896002A7654 /* RECCustomerInfo.swift */; };
		526FBCCD2921CA39002A7654 /* RECInvalidDeviceIdError.swift in Sources */ = {isa = PBXBuildFile; fileRef = 526FBCCC2921CA39002A7654 /* RECInvalidDeviceIdError.swift */; };
		B49C272D291A945D00F69653 /* Date+Recommend.swift in Sources */ = {isa = PBXBuildFile; fileRef = B49C272C291A945D00F69653 /* Date+Recommend.swift */; };
/* End PBXBuildFile section */

/* Begin PBXFileReference section */
		520D6311291DBFF0008418BD /* UIKit.framework */ = {isa = PBXFileReference; lastKnownFileType = wrapper.framework; name = UIKit.framework; path = System/Library/Frameworks/UIKit.framework; sourceTree = SDKROOT; };
		520D6313291DBFF6008418BD /* UserNotifications.framework */ = {isa = PBXFileReference; lastKnownFileType = wrapper.framework; name = UserNotifications.framework; path = System/Library/Frameworks/UserNotifications.framework; sourceTree = SDKROOT; };
		5216F0E229183FD1001ABAA7 /* Recommend.h */ = {isa = PBXFileReference; fileEncoding = 4; lastKnownFileType = sourcecode.c.h; path = Recommend.h; sourceTree = "<group>"; };
		5216F0E52918405C001ABAA7 /* Recommend.swift */ = {isa = PBXFileReference; lastKnownFileType = sourcecode.swift; path = Recommend.swift; sourceTree = "<group>"; };
		526D8B83291944A90083BD5A /* RECCore.swift */ = {isa = PBXFileReference; lastKnownFileType = sourcecode.swift; path = RECCore.swift; sourceTree = "<group>"; };
		526D8B85291944FA0083BD5A /* RECConfiguration.swift */ = {isa = PBXFileReference; lastKnownFileType = sourcecode.swift; path = RECConfiguration.swift; sourceTree = "<group>"; };
		526D8B8A291947210083BD5A /* RECError.swift */ = {isa = PBXFileReference; lastKnownFileType = sourcecode.swift; path = RECError.swift; sourceTree = "<group>"; };
		526D8B8C291947990083BD5A /* RECCoreError.swift */ = {isa = PBXFileReference; lastKnownFileType = sourcecode.swift; path = RECCoreError.swift; sourceTree = "<group>"; };
		526FBCAE29216CAF002A7654 /* RECInvalidAccountIdError.swift */ = {isa = PBXFileReference; lastKnownFileType = sourcecode.swift; path = RECInvalidAccountIdError.swift; sourceTree = "<group>"; };
		526FBCB029216D3C002A7654 /* RECCoreErrorCodes.swift */ = {isa = PBXFileReference; lastKnownFileType = sourcecode.swift; path = RECCoreErrorCodes.swift; sourceTree = "<group>"; };
		526FBCB82921B527002A7654 /* RECInvalidInfoPlistError.swift */ = {isa = PBXFileReference; lastKnownFileType = sourcecode.swift; path = RECInvalidInfoPlistError.swift; sourceTree = "<group>"; };
		526FBCBA2921B7C9002A7654 /* RECInvalidUserDefaultsError.swift */ = {isa = PBXFileReference; fileEncoding = 4; lastKnownFileType = sourcecode.swift; path = RECInvalidUserDefaultsError.swift; sourceTree = "<group>"; };
		526FBCBF2921B896002A7654 /* RECPriceList.swift */ = {isa = PBXFileReference; fileEncoding = 4; lastKnownFileType = sourcecode.swift; path = RECPriceList.swift; sourceTree = "<group>"; };
		526FBCC02921B896002A7654 /* RECMetric.swift */ = {isa = PBXFileReference; fileEncoding = 4; lastKnownFileType = sourcecode.swift; path = RECMetric.swift; sourceTree = "<group>"; };
		526FBCC12921B896002A7654 /* RECMetrics.swift */ = {isa = PBXFileReference; fileEncoding = 4; lastKnownFileType = sourcecode.swift; path = RECMetrics.swift; sourceTree = "<group>"; };
		526FBCC22921B896002A7654 /* RECCustomerInfo.swift */ = {isa = PBXFileReference; fileEncoding = 4; lastKnownFileType = sourcecode.swift; path = RECCustomerInfo.swift; sourceTree = "<group>"; };
		526FBCCC2921CA39002A7654 /* RECInvalidDeviceIdError.swift */ = {isa = PBXFileReference; fileEncoding = 4; lastKnownFileType = sourcecode.swift; path = RECInvalidDeviceIdError.swift; sourceTree = "<group>"; };
		5288D9FC2864CFCD00153440 /* LICENSE */ = {isa = PBXFileReference; fileEncoding = 4; lastKnownFileType = text; path = LICENSE; sourceTree = "<group>"; };
		5288D9FD2864CFCD00153440 /* README.md */ = {isa = PBXFileReference; fileEncoding = 4; lastKnownFileType = net.daringfireball.markdown; path = README.md; sourceTree = "<group>"; };
		5288D9FE2864CFCD00153440 /* CHANGELOG.md */ = {isa = PBXFileReference; fileEncoding = 4; lastKnownFileType = net.daringfireball.markdown; path = CHANGELOG.md; sourceTree = "<group>"; };
		5288D9FF2864CFCD00153440 /* Recommend.podspec */ = {isa = PBXFileReference; fileEncoding = 4; lastKnownFileType = text; path = Recommend.podspec; sourceTree = "<group>"; };
		5288DA002864CFCD00153440 /* Package.swift */ = {isa = PBXFileReference; fileEncoding = 4; lastKnownFileType = sourcecode.swift; path = Package.swift; sourceTree = "<group>"; };
		529993862864CD86004ED2E1 /* Recommend.framework */ = {isa = PBXFileReference; explicitFileType = wrapper.framework; includeInIndex = 0; path = Recommend.framework; sourceTree = BUILT_PRODUCTS_DIR; };
		B49C272C291A945D00F69653 /* Date+Recommend.swift */ = {isa = PBXFileReference; lastKnownFileType = sourcecode.swift; path = "Date+Recommend.swift"; sourceTree = "<group>"; };
/* End PBXFileReference section */

/* Begin PBXFrameworksBuildPhase section */
		529993832864CD86004ED2E1 /* Frameworks */ = {
			isa = PBXFrameworksBuildPhase;
			buildActionMask = 2147483647;
			files = (
				520D6314291DBFF6008418BD /* UserNotifications.framework in Frameworks */,
				520D6312291DBFF0008418BD /* UIKit.framework in Frameworks */,
				520D630B291DB4D5008418BD /* WebKitUserAgent in Frameworks */,
			);
			runOnlyForDeploymentPostprocessing = 0;
		};
/* End PBXFrameworksBuildPhase section */

/* Begin PBXGroup section */
		520D6310291DBFF0008418BD /* Frameworks */ = {
			isa = PBXGroup;
			children = (
				520D6313291DBFF6008418BD /* UserNotifications.framework */,
				520D6311291DBFF0008418BD /* UIKit.framework */,
			);
			name = Frameworks;
			sourceTree = "<group>";
		};
		5216F0E029183FD1001ABAA7 /* Sources */ = {
			isa = PBXGroup;
			children = (
				526D8B7A291942DF0083BD5A /* Core */,
				526FBCB729219F39002A7654 /* Headers */,
				5216F0E52918405C001ABAA7 /* Recommend.swift */,
			);
			path = Sources;
			sourceTree = "<group>";
		};
		526D8B7A291942DF0083BD5A /* Core */ = {
			isa = PBXGroup;
			children = (
				526FBCBE2921B896002A7654 /* CustomerInfo */,
				526D8B89291947170083BD5A /* Errors */,
				B49C272B291A944100F69653 /* Extensions */,
				526D8B85291944FA0083BD5A /* RECConfiguration.swift */,
				526D8B83291944A90083BD5A /* RECCore.swift */,
			);
			path = Core;
			sourceTree = "<group>";
		};
		526D8B89291947170083BD5A /* Errors */ = {
			isa = PBXGroup;
			children = (
				526D8B8C291947990083BD5A /* RECCoreError.swift */,
				526FBCB029216D3C002A7654 /* RECCoreErrorCodes.swift */,
				526D8B8A291947210083BD5A /* RECError.swift */,
				526FBCAE29216CAF002A7654 /* RECInvalidAccountIdError.swift */,
				526FBCCC2921CA39002A7654 /* RECInvalidDeviceIdError.swift */,
				526FBCB82921B527002A7654 /* RECInvalidInfoPlistError.swift */,
				526FBCBA2921B7C9002A7654 /* RECInvalidUserDefaultsError.swift */,
			);
			path = Errors;
			sourceTree = "<group>";
		};
		526FBCB729219F39002A7654 /* Headers */ = {
			isa = PBXGroup;
			children = (
				5216F0E229183FD1001ABAA7 /* Recommend.h */,
			);
			path = Headers;
			sourceTree = "<group>";
		};
		526FBCBE2921B896002A7654 /* CustomerInfo */ = {
			isa = PBXGroup;
			children = (
				526FBCC22921B896002A7654 /* RECCustomerInfo.swift */,
				526FBCC02921B896002A7654 /* RECMetric.swift */,
				526FBCC12921B896002A7654 /* RECMetrics.swift */,
				526FBCBF2921B896002A7654 /* RECPriceList.swift */,
			);
			path = CustomerInfo;
			sourceTree = "<group>";
		};
		5288D9FB2864CFB200153440 /* Metadata */ = {
			isa = PBXGroup;
			children = (
				5288D9FE2864CFCD00153440 /* CHANGELOG.md */,
				5288D9FC2864CFCD00153440 /* LICENSE */,
				5288DA002864CFCD00153440 /* Package.swift */,
				5288D9FD2864CFCD00153440 /* README.md */,
				5288D9FF2864CFCD00153440 /* Recommend.podspec */,
			);
			name = Metadata;
			sourceTree = "<group>";
		};
		5299937C2864CD86004ED2E1 = {
			isa = PBXGroup;
			children = (
				5288D9FB2864CFB200153440 /* Metadata */,
				529993882864CD86004ED2E1 /* Recommend */,
				529993872864CD86004ED2E1 /* Products */,
				520D6310291DBFF0008418BD /* Frameworks */,
			);
			sourceTree = "<group>";
		};
		529993872864CD86004ED2E1 /* Products */ = {
			isa = PBXGroup;
			children = (
				529993862864CD86004ED2E1 /* Recommend.framework */,
			);
			name = Products;
			sourceTree = "<group>";
		};
		529993882864CD86004ED2E1 /* Recommend */ = {
			isa = PBXGroup;
			children = (
				5216F0E029183FD1001ABAA7 /* Sources */,
			);
			path = Recommend;
			sourceTree = "<group>";
		};
		B49C272B291A944100F69653 /* Extensions */ = {
			isa = PBXGroup;
			children = (
				B49C272C291A945D00F69653 /* Date+Recommend.swift */,
			);
			path = Extensions;
			sourceTree = "<group>";
		};
/* End PBXGroup section */

/* Begin PBXHeadersBuildPhase section */
		529993812864CD86004ED2E1 /* Headers */ = {
			isa = PBXHeadersBuildPhase;
			buildActionMask = 2147483647;
			files = (
				5216F0E429183FD1001ABAA7 /* Recommend.h in Headers */,
			);
			runOnlyForDeploymentPostprocessing = 0;
		};
/* End PBXHeadersBuildPhase section */

/* Begin PBXNativeTarget section */
		529993852864CD86004ED2E1 /* Recommend */ = {
			isa = PBXNativeTarget;
			buildConfigurationList = 5299938D2864CD86004ED2E1 /* Build configuration list for PBXNativeTarget "Recommend" */;
			buildPhases = (
				529993812864CD86004ED2E1 /* Headers */,
				5288DA062864D1C300153440 /* SwiftLint */,
				529993822864CD86004ED2E1 /* Sources */,
				529993832864CD86004ED2E1 /* Frameworks */,
				529993842864CD86004ED2E1 /* Resources */,
			);
			buildRules = (
			);
			dependencies = (
			);
			name = Recommend;
			packageProductDependencies = (
				520D630A291DB4D5008418BD /* WebKitUserAgent */,
			);
			productName = Recommend;
			productReference = 529993862864CD86004ED2E1 /* Recommend.framework */;
			productType = "com.apple.product-type.framework";
		};
/* End PBXNativeTarget section */

/* Begin PBXProject section */
		5299937D2864CD86004ED2E1 /* Project object */ = {
			isa = PBXProject;
			attributes = {
				BuildIndependentTargetsInParallel = 1;
				CLASSPREFIX = REC;
				LastUpgradeCheck = 1340;
				ORGANIZATIONNAME = "Recommend OÜ";
				TargetAttributes = {
					529993852864CD86004ED2E1 = {
						CreatedOnToolsVersion = 13.4.1;
						LastSwiftMigration = 1410;
					};
				};
			};
			buildConfigurationList = 529993802864CD86004ED2E1 /* Build configuration list for PBXProject "Recommend" */;
			compatibilityVersion = "Xcode 13.0";
			developmentRegion = en;
			hasScannedForEncodings = 0;
			knownRegions = (
				en,
				Base,
			);
			mainGroup = 5299937C2864CD86004ED2E1;
			packageReferences = (
				520D6309291DB4D5008418BD /* XCRemoteSwiftPackageReference "webkit-user-agent" */,
			);
			productRefGroup = 529993872864CD86004ED2E1 /* Products */;
			projectDirPath = "";
			projectRoot = "";
			targets = (
				529993852864CD86004ED2E1 /* Recommend */,
			);
		};
/* End PBXProject section */

/* Begin PBXResourcesBuildPhase section */
		529993842864CD86004ED2E1 /* Resources */ = {
			isa = PBXResourcesBuildPhase;
			buildActionMask = 2147483647;
			files = (
			);
			runOnlyForDeploymentPostprocessing = 0;
		};
/* End PBXResourcesBuildPhase section */

/* Begin PBXShellScriptBuildPhase section */
		5288DA062864D1C300153440 /* SwiftLint */ = {
			isa = PBXShellScriptBuildPhase;
			buildActionMask = 2147483647;
			files = (
			);
			inputFileListPaths = (
			);
			inputPaths = (
			);
			name = SwiftLint;
			outputFileListPaths = (
			);
			outputPaths = (
			);
			runOnlyForDeploymentPostprocessing = 0;
			shellPath = /bin/sh;
			shellScript = "export PATH=\"$PATH:/opt/homebrew/bin\"\nif which swiftlint > /dev/null; then\n  swiftlint\nelse\n  echo \"warning: SwiftLint not installed, download from https://github.com/realm/SwiftLint\"\nfi\n";
		};
/* End PBXShellScriptBuildPhase section */

/* Begin PBXSourcesBuildPhase section */
		529993822864CD86004ED2E1 /* Sources */ = {
			isa = PBXSourcesBuildPhase;
			buildActionMask = 2147483647;
			files = (
				526FBCCD2921CA39002A7654 /* RECInvalidDeviceIdError.swift in Sources */,
				526FBCAF29216CAF002A7654 /* RECInvalidAccountIdError.swift in Sources */,
				526D8B8D291947990083BD5A /* RECCoreError.swift in Sources */,
				526FBCC52921B896002A7654 /* RECMetrics.swift in Sources */,
				526FBCC32921B896002A7654 /* RECPriceList.swift in Sources */,
				526D8B84291944A90083BD5A /* RECCore.swift in Sources */,
				526D8B8B291947210083BD5A /* RECError.swift in Sources */,
				526FBCBB2921B7C9002A7654 /* RECInvalidUserDefaultsError.swift in Sources */,
				5216F0E62918405C001ABAA7 /* Recommend.swift in Sources */,
				526FBCB92921B527002A7654 /* RECInvalidInfoPlistError.swift in Sources */,
				526FBCC62921B896002A7654 /* RECCustomerInfo.swift in Sources */,
				526FBCB129216D3C002A7654 /* RECCoreErrorCodes.swift in Sources */,
				526FBCC42921B896002A7654 /* RECMetric.swift in Sources */,
				B49C272D291A945D00F69653 /* Date+Recommend.swift in Sources */,
				526D8B86291944FA0083BD5A /* RECConfiguration.swift in Sources */,
			);
			runOnlyForDeploymentPostprocessing = 0;
		};
/* End PBXSourcesBuildPhase section */

/* Begin XCBuildConfiguration section */
		5299938B2864CD86004ED2E1 /* Debug */ = {
			isa = XCBuildConfiguration;
			buildSettings = {
				ALWAYS_SEARCH_USER_PATHS = NO;
				CLANG_ANALYZER_NONNULL = YES;
				CLANG_ANALYZER_NUMBER_OBJECT_CONVERSION = YES_AGGRESSIVE;
				CLANG_CXX_LANGUAGE_STANDARD = "gnu++17";
				CLANG_ENABLE_MODULES = YES;
				CLANG_ENABLE_OBJC_ARC = YES;
				CLANG_ENABLE_OBJC_WEAK = YES;
				CLANG_WARN_BLOCK_CAPTURE_AUTORELEASING = YES;
				CLANG_WARN_BOOL_CONVERSION = YES;
				CLANG_WARN_COMMA = YES;
				CLANG_WARN_CONSTANT_CONVERSION = YES;
				CLANG_WARN_DEPRECATED_OBJC_IMPLEMENTATIONS = YES;
				CLANG_WARN_DIRECT_OBJC_ISA_USAGE = YES_ERROR;
				CLANG_WARN_DOCUMENTATION_COMMENTS = YES;
				CLANG_WARN_EMPTY_BODY = YES;
				CLANG_WARN_ENUM_CONVERSION = YES;
				CLANG_WARN_INFINITE_RECURSION = YES;
				CLANG_WARN_INT_CONVERSION = YES;
				CLANG_WARN_NON_LITERAL_NULL_CONVERSION = YES;
				CLANG_WARN_OBJC_IMPLICIT_RETAIN_SELF = YES;
				CLANG_WARN_OBJC_LITERAL_CONVERSION = YES;
				CLANG_WARN_OBJC_ROOT_CLASS = YES_ERROR;
				CLANG_WARN_QUOTED_INCLUDE_IN_FRAMEWORK_HEADER = YES;
				CLANG_WARN_RANGE_LOOP_ANALYSIS = YES;
				CLANG_WARN_STRICT_PROTOTYPES = YES;
				CLANG_WARN_SUSPICIOUS_MOVE = YES;
				CLANG_WARN_UNGUARDED_AVAILABILITY = YES_AGGRESSIVE;
				CLANG_WARN_UNREACHABLE_CODE = YES;
				CLANG_WARN__DUPLICATE_METHOD_MATCH = YES;
				COPY_PHASE_STRIP = NO;
				CURRENT_PROJECT_VERSION = 1;
				DEBUG_INFORMATION_FORMAT = dwarf;
				ENABLE_STRICT_OBJC_MSGSEND = YES;
				ENABLE_TESTABILITY = YES;
				GCC_C_LANGUAGE_STANDARD = gnu11;
				GCC_DYNAMIC_NO_PIC = NO;
				GCC_NO_COMMON_BLOCKS = YES;
				GCC_OPTIMIZATION_LEVEL = 0;
				GCC_PREPROCESSOR_DEFINITIONS = (
					"DEBUG=1",
					"$(inherited)",
				);
				GCC_WARN_64_TO_32_BIT_CONVERSION = YES;
				GCC_WARN_ABOUT_RETURN_TYPE = YES_ERROR;
				GCC_WARN_UNDECLARED_SELECTOR = YES;
				GCC_WARN_UNINITIALIZED_AUTOS = YES_AGGRESSIVE;
				GCC_WARN_UNUSED_FUNCTION = YES;
				GCC_WARN_UNUSED_VARIABLE = YES;
				IPHONEOS_DEPLOYMENT_TARGET = 11.0;
				MTL_ENABLE_DEBUG_INFO = INCLUDE_SOURCE;
				MTL_FAST_MATH = YES;
				ONLY_ACTIVE_ARCH = YES;
				SDKROOT = iphoneos;
				SWIFT_ACTIVE_COMPILATION_CONDITIONS = DEBUG;
				SWIFT_OPTIMIZATION_LEVEL = "-Onone";
				VERSIONING_SYSTEM = "apple-generic";
				VERSION_INFO_PREFIX = "";
			};
			name = Debug;
		};
		5299938C2864CD86004ED2E1 /* Release */ = {
			isa = XCBuildConfiguration;
			buildSettings = {
				ALWAYS_SEARCH_USER_PATHS = NO;
				CLANG_ANALYZER_NONNULL = YES;
				CLANG_ANALYZER_NUMBER_OBJECT_CONVERSION = YES_AGGRESSIVE;
				CLANG_CXX_LANGUAGE_STANDARD = "gnu++17";
				CLANG_ENABLE_MODULES = YES;
				CLANG_ENABLE_OBJC_ARC = YES;
				CLANG_ENABLE_OBJC_WEAK = YES;
				CLANG_WARN_BLOCK_CAPTURE_AUTORELEASING = YES;
				CLANG_WARN_BOOL_CONVERSION = YES;
				CLANG_WARN_COMMA = YES;
				CLANG_WARN_CONSTANT_CONVERSION = YES;
				CLANG_WARN_DEPRECATED_OBJC_IMPLEMENTATIONS = YES;
				CLANG_WARN_DIRECT_OBJC_ISA_USAGE = YES_ERROR;
				CLANG_WARN_DOCUMENTATION_COMMENTS = YES;
				CLANG_WARN_EMPTY_BODY = YES;
				CLANG_WARN_ENUM_CONVERSION = YES;
				CLANG_WARN_INFINITE_RECURSION = YES;
				CLANG_WARN_INT_CONVERSION = YES;
				CLANG_WARN_NON_LITERAL_NULL_CONVERSION = YES;
				CLANG_WARN_OBJC_IMPLICIT_RETAIN_SELF = YES;
				CLANG_WARN_OBJC_LITERAL_CONVERSION = YES;
				CLANG_WARN_OBJC_ROOT_CLASS = YES_ERROR;
				CLANG_WARN_QUOTED_INCLUDE_IN_FRAMEWORK_HEADER = YES;
				CLANG_WARN_RANGE_LOOP_ANALYSIS = YES;
				CLANG_WARN_STRICT_PROTOTYPES = YES;
				CLANG_WARN_SUSPICIOUS_MOVE = YES;
				CLANG_WARN_UNGUARDED_AVAILABILITY = YES_AGGRESSIVE;
				CLANG_WARN_UNREACHABLE_CODE = YES;
				CLANG_WARN__DUPLICATE_METHOD_MATCH = YES;
				COPY_PHASE_STRIP = NO;
				CURRENT_PROJECT_VERSION = 1;
				DEBUG_INFORMATION_FORMAT = "dwarf-with-dsym";
				ENABLE_NS_ASSERTIONS = NO;
				ENABLE_STRICT_OBJC_MSGSEND = YES;
				GCC_C_LANGUAGE_STANDARD = gnu11;
				GCC_NO_COMMON_BLOCKS = YES;
				GCC_WARN_64_TO_32_BIT_CONVERSION = YES;
				GCC_WARN_ABOUT_RETURN_TYPE = YES_ERROR;
				GCC_WARN_UNDECLARED_SELECTOR = YES;
				GCC_WARN_UNINITIALIZED_AUTOS = YES_AGGRESSIVE;
				GCC_WARN_UNUSED_FUNCTION = YES;
				GCC_WARN_UNUSED_VARIABLE = YES;
				IPHONEOS_DEPLOYMENT_TARGET = 11.0;
				MTL_ENABLE_DEBUG_INFO = NO;
				MTL_FAST_MATH = YES;
				SDKROOT = iphoneos;
				SWIFT_COMPILATION_MODE = wholemodule;
				SWIFT_OPTIMIZATION_LEVEL = "-O";
				VALIDATE_PRODUCT = YES;
				VERSIONING_SYSTEM = "apple-generic";
				VERSION_INFO_PREFIX = "";
			};
			name = Release;
		};
		5299938E2864CD86004ED2E1 /* Debug */ = {
			isa = XCBuildConfiguration;
			buildSettings = {
				CLANG_ENABLE_MODULES = YES;
				CODE_SIGN_STYLE = Automatic;
				CURRENT_PROJECT_VERSION = 1;
				DEFINES_MODULE = YES;
				DEVELOPMENT_TEAM = "";
				DYLIB_COMPATIBILITY_VERSION = 1;
				DYLIB_CURRENT_VERSION = 1;
				DYLIB_INSTALL_NAME_BASE = "@rpath";
				GENERATE_INFOPLIST_FILE = YES;
				INFOPLIST_KEY_NSHumanReadableCopyright = "";
				INSTALL_PATH = "$(LOCAL_LIBRARY_DIR)/Frameworks";
				LD_RUNPATH_SEARCH_PATHS = (
					"$(inherited)",
					"@executable_path/Frameworks",
					"@loader_path/Frameworks",
				);
				MARKETING_VERSION = 0.2.2;
				PRODUCT_BUNDLE_IDENTIFIER = pro.recommend.sdk;
				PRODUCT_NAME = "$(TARGET_NAME:c99extidentifier)";
				SKIP_INSTALL = YES;
				SUPPORTS_MACCATALYST = NO;
				SWIFT_EMIT_LOC_STRINGS = YES;
				SWIFT_OPTIMIZATION_LEVEL = "-Onone";
				SWIFT_VERSION = 5.0;
				TARGETED_DEVICE_FAMILY = "1,2";
			};
			name = Debug;
		};
		5299938F2864CD86004ED2E1 /* Release */ = {
			isa = XCBuildConfiguration;
			buildSettings = {
				CLANG_ENABLE_MODULES = YES;
				CODE_SIGN_STYLE = Automatic;
				CURRENT_PROJECT_VERSION = 1;
				DEFINES_MODULE = YES;
				DEVELOPMENT_TEAM = "";
				DYLIB_COMPATIBILITY_VERSION = 1;
				DYLIB_CURRENT_VERSION = 1;
				DYLIB_INSTALL_NAME_BASE = "@rpath";
				GENERATE_INFOPLIST_FILE = YES;
				INFOPLIST_KEY_NSHumanReadableCopyright = "";
				INSTALL_PATH = "$(LOCAL_LIBRARY_DIR)/Frameworks";
				LD_RUNPATH_SEARCH_PATHS = (
					"$(inherited)",
					"@executable_path/Frameworks",
					"@loader_path/Frameworks",
				);
				MARKETING_VERSION = 0.2.2;
				PRODUCT_BUNDLE_IDENTIFIER = pro.recommend.sdk;
				PRODUCT_NAME = "$(TARGET_NAME:c99extidentifier)";
				SKIP_INSTALL = YES;
				SUPPORTS_MACCATALYST = NO;
				SWIFT_EMIT_LOC_STRINGS = YES;
				SWIFT_VERSION = 5.0;
				TARGETED_DEVICE_FAMILY = "1,2";
			};
			name = Release;
		};
/* End XCBuildConfiguration section */

/* Begin XCConfigurationList section */
		529993802864CD86004ED2E1 /* Build configuration list for PBXProject "Recommend" */ = {
			isa = XCConfigurationList;
			buildConfigurations = (
				5299938B2864CD86004ED2E1 /* Debug */,
				5299938C2864CD86004ED2E1 /* Release */,
			);
			defaultConfigurationIsVisible = 0;
			defaultConfigurationName = Release;
		};
		5299938D2864CD86004ED2E1 /* Build configuration list for PBXNativeTarget "Recommend" */ = {
			isa = XCConfigurationList;
			buildConfigurations = (
				5299938E2864CD86004ED2E1 /* Debug */,
				5299938F2864CD86004ED2E1 /* Release */,
			);
			defaultConfigurationIsVisible = 0;
			defaultConfigurationName = Release;
		};
/* End XCConfigurationList section */

/* Begin XCRemoteSwiftPackageReference section */
		520D6309291DB4D5008418BD /* XCRemoteSwiftPackageReference "webkit-user-agent" */ = {
			isa = XCRemoteSwiftPackageReference;
			repositoryURL = "https://github.com/dmytriigolovanov/webkit-user-agent";
			requirement = {
				kind = upToNextMajorVersion;
				minimumVersion = 3.0.0;
			};
		};
/* End XCRemoteSwiftPackageReference section */

/* Begin XCSwiftPackageProductDependency section */
		520D630A291DB4D5008418BD /* WebKitUserAgent */ = {
			isa = XCSwiftPackageProductDependency;
			package = 520D6309291DB4D5008418BD /* XCRemoteSwiftPackageReference "webkit-user-agent" */;
			productName = WebKitUserAgent;
		};
/* End XCSwiftPackageProductDependency section */
	};
	rootObject = 5299937D2864CD86004ED2E1 /* Project object */;
}
